// !$*UTF8*$!
{
	archiveVersion = 1;
	classes = {
	};
	objectVersion = 46;
	objects = {

/* Begin PBXBuildFile section */
		3C214BF61AE23A170064644A /* SNDetailsViewController.m in Sources */ = {isa = PBXBuildFile; fileRef = 3C214BF51AE23A170064644A /* SNDetailsViewController.m */; };
		3C214BF91AE2427A0064644A /* SNDetailsData.m in Sources */ = {isa = PBXBuildFile; fileRef = 3C214BF81AE2427A0064644A /* SNDetailsData.m */; };
		3C214BFC1AE247C10064644A /* SNDetailsScrollView.m in Sources */ = {isa = PBXBuildFile; fileRef = 3C214BFB1AE247C10064644A /* SNDetailsScrollView.m */; };
		3C214BFF1AE266550064644A /* SNGoodsDetailsView.m in Sources */ = {isa = PBXBuildFile; fileRef = 3C214BFE1AE266550064644A /* SNGoodsDetailsView.m */; };
		3C214C021AE28B170064644A /* SNShopDetailsView.m in Sources */ = {isa = PBXBuildFile; fileRef = 3C214C011AE28B170064644A /* SNShopDetailsView.m */; };
		3C214C051AE2A1850064644A /* SNDetailsModel.m in Sources */ = {isa = PBXBuildFile; fileRef = 3C214C041AE2A1850064644A /* SNDetailsModel.m */; };
		3C214C081AE2A4E40064644A /* SNOtherGoodsView.m in Sources */ = {isa = PBXBuildFile; fileRef = 3C214C071AE2A4E40064644A /* SNOtherGoodsView.m */; };
		3C214C0B1AE2A8070064644A /* SNOtherGoodsLabelView.m in Sources */ = {isa = PBXBuildFile; fileRef = 3C214C0A1AE2A8070064644A /* SNOtherGoodsLabelView.m */; };
		3C34749E1AE3922D009FBB68 /* SNUserModel.m in Sources */ = {isa = PBXBuildFile; fileRef = 3C34749D1AE3922D009FBB68 /* SNUserModel.m */; };
		3C3474A11AE39835009FBB68 /* SNArchiverManger.m in Sources */ = {isa = PBXBuildFile; fileRef = 3C3474A01AE39835009FBB68 /* SNArchiverManger.m */; };
		3C3474A81AE3ADF4009FBB68 /* SNMYViewController.m in Sources */ = {isa = PBXBuildFile; fileRef = 3C3474A71AE3ADF4009FBB68 /* SNMYViewController.m */; };
		3C49E6AA1ADB51490008085F /* SNCommunicateTests.m in Sources */ = {isa = PBXBuildFile; fileRef = 3C49E6A91ADB51490008085F /* SNCommunicateTests.m */; };
		3C49E7101ADB55710008085F /* SNMainViewController.m in Sources */ = {isa = PBXBuildFile; fileRef = 3C49E6B81ADB55710008085F /* SNMainViewController.m */; };
		3C49E7111ADB55710008085F /* AppDelegate.m in Sources */ = {isa = PBXBuildFile; fileRef = 3C49E6BD1ADB55710008085F /* AppDelegate.m */; };
		3C49E7131ADB55710008085F /* main.m in Sources */ = {isa = PBXBuildFile; fileRef = 3C49E6BF1ADB55710008085F /* main.m */; };
		3C49E7141ADB55710008085F /* AFHTTPRequestOperation.m in Sources */ = {isa = PBXBuildFile; fileRef = 3C49E6C31ADB55710008085F /* AFHTTPRequestOperation.m */; };
		3C49E7151ADB55710008085F /* AFHTTPRequestOperationManager.m in Sources */ = {isa = PBXBuildFile; fileRef = 3C49E6C51ADB55710008085F /* AFHTTPRequestOperationManager.m */; };
		3C49E7161ADB55710008085F /* AFHTTPSessionManager.m in Sources */ = {isa = PBXBuildFile; fileRef = 3C49E6C71ADB55710008085F /* AFHTTPSessionManager.m */; };
		3C49E7171ADB55710008085F /* AFNetworkReachabilityManager.m in Sources */ = {isa = PBXBuildFile; fileRef = 3C49E6CA1ADB55710008085F /* AFNetworkReachabilityManager.m */; };
		3C49E7181ADB55710008085F /* AFSecurityPolicy.m in Sources */ = {isa = PBXBuildFile; fileRef = 3C49E6CC1ADB55710008085F /* AFSecurityPolicy.m */; };
		3C49E7191ADB55710008085F /* AFURLConnectionOperation.m in Sources */ = {isa = PBXBuildFile; fileRef = 3C49E6CE1ADB55710008085F /* AFURLConnectionOperation.m */; };
		3C49E71A1ADB55710008085F /* AFURLRequestSerialization.m in Sources */ = {isa = PBXBuildFile; fileRef = 3C49E6D01ADB55710008085F /* AFURLRequestSerialization.m */; };
		3C49E71B1ADB55710008085F /* AFURLResponseSerialization.m in Sources */ = {isa = PBXBuildFile; fileRef = 3C49E6D21ADB55710008085F /* AFURLResponseSerialization.m */; };
		3C49E71C1ADB55710008085F /* AFURLSessionManager.m in Sources */ = {isa = PBXBuildFile; fileRef = 3C49E6D41ADB55710008085F /* AFURLSessionManager.m */; };
		3C49E71D1ADB55710008085F /* MJRefresh.bundle in Resources */ = {isa = PBXBuildFile; fileRef = 3C49E6D61ADB55710008085F /* MJRefresh.bundle */; };
		3C49E71E1ADB55710008085F /* MJRefreshComponent.m in Sources */ = {isa = PBXBuildFile; fileRef = 3C49E6D91ADB55710008085F /* MJRefreshComponent.m */; };
		3C49E71F1ADB55710008085F /* MJRefreshConst.m in Sources */ = {isa = PBXBuildFile; fileRef = 3C49E6DB1ADB55710008085F /* MJRefreshConst.m */; };
		3C49E7201ADB55710008085F /* MJRefreshFooter.m in Sources */ = {isa = PBXBuildFile; fileRef = 3C49E6DD1ADB55710008085F /* MJRefreshFooter.m */; };
		3C49E7211ADB55710008085F /* MJRefreshGifFooter.m in Sources */ = {isa = PBXBuildFile; fileRef = 3C49E6DF1ADB55710008085F /* MJRefreshGifFooter.m */; };
		3C49E7221ADB55710008085F /* MJRefreshGifHeader.m in Sources */ = {isa = PBXBuildFile; fileRef = 3C49E6E11ADB55710008085F /* MJRefreshGifHeader.m */; };
		3C49E7231ADB55710008085F /* MJRefreshHeader.m in Sources */ = {isa = PBXBuildFile; fileRef = 3C49E6E31ADB55710008085F /* MJRefreshHeader.m */; };
		3C49E7241ADB55710008085F /* MJRefreshLegendFooter.m in Sources */ = {isa = PBXBuildFile; fileRef = 3C49E6E51ADB55710008085F /* MJRefreshLegendFooter.m */; };
		3C49E7251ADB55710008085F /* MJRefreshLegendHeader.m in Sources */ = {isa = PBXBuildFile; fileRef = 3C49E6E71ADB55710008085F /* MJRefreshLegendHeader.m */; };
		3C49E7261ADB55710008085F /* UIScrollView+MJExtension.m in Sources */ = {isa = PBXBuildFile; fileRef = 3C49E6E91ADB55710008085F /* UIScrollView+MJExtension.m */; };
		3C49E7271ADB55710008085F /* UIScrollView+MJRefresh.m in Sources */ = {isa = PBXBuildFile; fileRef = 3C49E6EB1ADB55710008085F /* UIScrollView+MJRefresh.m */; };
		3C49E7281ADB55710008085F /* UIView+MJExtension.m in Sources */ = {isa = PBXBuildFile; fileRef = 3C49E6ED1ADB55710008085F /* UIView+MJExtension.m */; };
		3C49E7291ADB55710008085F /* MKAnnotationView+WebCache.m in Sources */ = {isa = PBXBuildFile; fileRef = 3C49E6F01ADB55710008085F /* MKAnnotationView+WebCache.m */; };
		3C49E72A1ADB55710008085F /* NSData+ImageContentType.m in Sources */ = {isa = PBXBuildFile; fileRef = 3C49E6F21ADB55710008085F /* NSData+ImageContentType.m */; };
		3C49E72B1ADB55710008085F /* SDImageCache.m in Sources */ = {isa = PBXBuildFile; fileRef = 3C49E6F41ADB55710008085F /* SDImageCache.m */; };
		3C49E72C1ADB55710008085F /* SDWebImageCompat.m in Sources */ = {isa = PBXBuildFile; fileRef = 3C49E6F61ADB55710008085F /* SDWebImageCompat.m */; };
		3C49E72D1ADB55710008085F /* SDWebImageDecoder.m in Sources */ = {isa = PBXBuildFile; fileRef = 3C49E6F81ADB55710008085F /* SDWebImageDecoder.m */; };
		3C49E72E1ADB55710008085F /* SDWebImageDownloader.m in Sources */ = {isa = PBXBuildFile; fileRef = 3C49E6FA1ADB55710008085F /* SDWebImageDownloader.m */; };
		3C49E72F1ADB55710008085F /* SDWebImageDownloaderOperation.m in Sources */ = {isa = PBXBuildFile; fileRef = 3C49E6FC1ADB55710008085F /* SDWebImageDownloaderOperation.m */; };
		3C49E7301ADB55710008085F /* SDWebImageManager.m in Sources */ = {isa = PBXBuildFile; fileRef = 3C49E6FE1ADB55710008085F /* SDWebImageManager.m */; };
		3C49E7311ADB55710008085F /* SDWebImagePrefetcher.m in Sources */ = {isa = PBXBuildFile; fileRef = 3C49E7011ADB55710008085F /* SDWebImagePrefetcher.m */; };
		3C49E7321ADB55710008085F /* UIButton+WebCache.m in Sources */ = {isa = PBXBuildFile; fileRef = 3C49E7031ADB55710008085F /* UIButton+WebCache.m */; };
		3C49E7331ADB55710008085F /* UIImage+GIF.m in Sources */ = {isa = PBXBuildFile; fileRef = 3C49E7051ADB55710008085F /* UIImage+GIF.m */; };
		3C49E7341ADB55710008085F /* UIImage+MultiFormat.m in Sources */ = {isa = PBXBuildFile; fileRef = 3C49E7071ADB55710008085F /* UIImage+MultiFormat.m */; };
		3C49E7351ADB55710008085F /* UIImage+WebP.m in Sources */ = {isa = PBXBuildFile; fileRef = 3C49E7091ADB55710008085F /* UIImage+WebP.m */; };
		3C49E7361ADB55710008085F /* UIImageView+HighlightedWebCache.m in Sources */ = {isa = PBXBuildFile; fileRef = 3C49E70B1ADB55710008085F /* UIImageView+HighlightedWebCache.m */; };
		3C49E7371ADB55710008085F /* UIImageView+WebCache.m in Sources */ = {isa = PBXBuildFile; fileRef = 3C49E70D1ADB55710008085F /* UIImageView+WebCache.m */; };
		3C49E7381ADB55710008085F /* UIView+WebCacheOperation.m in Sources */ = {isa = PBXBuildFile; fileRef = 3C49E70F1ADB55710008085F /* UIView+WebCacheOperation.m */; };
		3C49E73A1ADB55B20008085F /* Info.plist in Resources */ = {isa = PBXBuildFile; fileRef = 3C49E7391ADB55B20008085F /* Info.plist */; };
		3C49E7431ADB597E0008085F /* SNTabBar.m in Sources */ = {isa = PBXBuildFile; fileRef = 3C49E7421ADB597E0008085F /* SNTabBar.m */; };
		3C49E7461ADB598F0008085F /* SNTabBarButton.m in Sources */ = {isa = PBXBuildFile; fileRef = 3C49E7451ADB598F0008085F /* SNTabBarButton.m */; };
		3C49E7491ADB59E20008085F /* SNMainNavigationController.m in Sources */ = {isa = PBXBuildFile; fileRef = 3C49E7481ADB59E20008085F /* SNMainNavigationController.m */; };
		3C49E7501ADB62070008085F /* SNAccountViewController.m in Sources */ = {isa = PBXBuildFile; fileRef = 3C49E74F1ADB62070008085F /* SNAccountViewController.m */; };
		3C49E7531ADB62380008085F /* SNCommunicateMainViewController.m in Sources */ = {isa = PBXBuildFile; fileRef = 3C49E7521ADB62380008085F /* SNCommunicateMainViewController.m */; };
		3C49E7551ADB64C00008085F /* Images.xcassets in Resources */ = {isa = PBXBuildFile; fileRef = 3C49E7541ADB64C00008085F /* Images.xcassets */; };
		3C49E75B1ADB67B40008085F /* UIImage+Tool.m in Sources */ = {isa = PBXBuildFile; fileRef = 3C49E7581ADB67B40008085F /* UIImage+Tool.m */; };
		3C49E7631ADB67C40008085F /* MBProgressHUD+MJ.m in Sources */ = {isa = PBXBuildFile; fileRef = 3C49E75F1ADB67C40008085F /* MBProgressHUD+MJ.m */; };
		3C49E7641ADB67C40008085F /* MBProgressHUD.bundle in Resources */ = {isa = PBXBuildFile; fileRef = 3C49E7601ADB67C40008085F /* MBProgressHUD.bundle */; };
		3C49E7651ADB67C40008085F /* MBProgressHUD.m in Sources */ = {isa = PBXBuildFile; fileRef = 3C49E7621ADB67C40008085F /* MBProgressHUD.m */; };
		3C5698DE1ADE942500743E35 /* SNAccountViewController.storyboard in Resources */ = {isa = PBXBuildFile; fileRef = 3C5698DD1ADE942500743E35 /* SNAccountViewController.storyboard */; };
		3C71E88D1AE3723300056A7C /* SNNetManger.m in Sources */ = {isa = PBXBuildFile; fileRef = 3C71E88C1AE3723300056A7C /* SNNetManger.m */; };
		3C71E8931AE3785900056A7C /* LICENCE.txt in Resources */ = {isa = PBXBuildFile; fileRef = 3C71E88F1AE3785900056A7C /* LICENCE.txt */; };
		3C71E8941AE3785900056A7C /* Reachability.m in Sources */ = {isa = PBXBuildFile; fileRef = 3C71E8911AE3785900056A7C /* Reachability.m */; };
		3C71E8951AE3785900056A7C /* README.md in Sources */ = {isa = PBXBuildFile; fileRef = 3C71E8921AE3785900056A7C /* README.md */; };
		3C782A831ADD0D4900DD0FEC /* SNMainTableView.m in Sources */ = {isa = PBXBuildFile; fileRef = 3C782A821ADD0D4900DD0FEC /* SNMainTableView.m */; };
		3C782A8F1ADD113500DD0FEC /* SNSecondClassViewController.m in Sources */ = {isa = PBXBuildFile; fileRef = 3C782A8B1ADD113500DD0FEC /* SNSecondClassViewController.m */; };
		3C782A901ADD113500DD0FEC /* SNEntertainment.plist in Resources */ = {isa = PBXBuildFile; fileRef = 3C782A8D1ADD113500DD0FEC /* SNEntertainment.plist */; };
		3C782A971ADD147600DD0FEC /* SNThirdClassViewController.m in Sources */ = {isa = PBXBuildFile; fileRef = 3C782A961ADD147600DD0FEC /* SNThirdClassViewController.m */; };
		3C782A9A1ADD174A00DD0FEC /* SNThirdClassCell.m in Sources */ = {isa = PBXBuildFile; fileRef = 3C782A991ADD174A00DD0FEC /* SNThirdClassCell.m */; };
		3C782A9D1ADD176E00DD0FEC /* SNSecondClassCell.m in Sources */ = {isa = PBXBuildFile; fileRef = 3C782A9C1ADD176E00DD0FEC /* SNSecondClassCell.m */; };
		3C782AA01ADD17AB00DD0FEC /* SNSecondCellData.m in Sources */ = {isa = PBXBuildFile; fileRef = 3C782A9F1ADD17AB00DD0FEC /* SNSecondCellData.m */; };
		3C782AA31ADD188700DD0FEC /* SNShopData.m in Sources */ = {isa = PBXBuildFile; fileRef = 3C782AA21ADD188700DD0FEC /* SNShopData.m */; };
		3C782AA71ADD1BF400DD0FEC /* SNHttpTool.m in Sources */ = {isa = PBXBuildFile; fileRef = 3C782AA61ADD1BF400DD0FEC /* SNHttpTool.m */; };
		3C782AC01ADD380E00DD0FEC /* MJArgument.m in Sources */ = {isa = PBXBuildFile; fileRef = 3C782AAA1ADD380E00DD0FEC /* MJArgument.m */; };
		3C782AC11ADD380E00DD0FEC /* MJConst.m in Sources */ = {isa = PBXBuildFile; fileRef = 3C782AAC1ADD380E00DD0FEC /* MJConst.m */; };
		3C782AC21ADD380E00DD0FEC /* MJFoundation.m in Sources */ = {isa = PBXBuildFile; fileRef = 3C782AAF1ADD380E00DD0FEC /* MJFoundation.m */; };
		3C782AC31ADD380E00DD0FEC /* MJIvar.m in Sources */ = {isa = PBXBuildFile; fileRef = 3C782AB11ADD380E00DD0FEC /* MJIvar.m */; };
		3C782AC41ADD380E00DD0FEC /* MJMember.m in Sources */ = {isa = PBXBuildFile; fileRef = 3C782AB31ADD380E00DD0FEC /* MJMember.m */; };
		3C782AC51ADD380E00DD0FEC /* MJMethod.m in Sources */ = {isa = PBXBuildFile; fileRef = 3C782AB51ADD380E00DD0FEC /* MJMethod.m */; };
		3C782AC61ADD380E00DD0FEC /* MJType.m in Sources */ = {isa = PBXBuildFile; fileRef = 3C782AB71ADD380E00DD0FEC /* MJType.m */; };
		3C782AC71ADD380E00DD0FEC /* MJTypeEncoding.m in Sources */ = {isa = PBXBuildFile; fileRef = 3C782AB91ADD380E00DD0FEC /* MJTypeEncoding.m */; };
		3C782AC81ADD380E00DD0FEC /* NSObject+MJCoding.m in Sources */ = {isa = PBXBuildFile; fileRef = 3C782ABB1ADD380E00DD0FEC /* NSObject+MJCoding.m */; };
		3C782AC91ADD380E00DD0FEC /* NSObject+MJKeyValue.m in Sources */ = {isa = PBXBuildFile; fileRef = 3C782ABD1ADD380E00DD0FEC /* NSObject+MJKeyValue.m */; };
		3C782ACA1ADD380E00DD0FEC /* NSObject+MJMember.m in Sources */ = {isa = PBXBuildFile; fileRef = 3C782ABF1ADD380E00DD0FEC /* NSObject+MJMember.m */; };
		3C782ACD1ADD398900DD0FEC /* SNThirdCellData.m in Sources */ = {isa = PBXBuildFile; fileRef = 3C782ACC1ADD398900DD0FEC /* SNThirdCellData.m */; };
		3C80A4A61ADFE0E900E9AE0B /* SNRegisterViewController.m in Sources */ = {isa = PBXBuildFile; fileRef = 3C80A4A51ADFE0E900E9AE0B /* SNRegisterViewController.m */; };
		3C85F38B1AECCA8400481F0C /* SNCustomerCollectionViewController.m in Sources */ = {isa = PBXBuildFile; fileRef = 3C85F38A1AECCA8400481F0C /* SNCustomerCollectionViewController.m */; };
		3C85F38E1AECD5D100481F0C /* SNCustomerCollect.m in Sources */ = {isa = PBXBuildFile; fileRef = 3C85F38D1AECD5D100481F0C /* SNCustomerCollect.m */; };
		3C85F3911AECD5DF00481F0C /* SNCustomerCollectModel.m in Sources */ = {isa = PBXBuildFile; fileRef = 3C85F3901AECD5DF00481F0C /* SNCustomerCollectModel.m */; };
		3C85F3CD1AED0A9800481F0C /* SNCustomerOrderViewController.m in Sources */ = {isa = PBXBuildFile; fileRef = 3C85F3CC1AED0A9800481F0C /* SNCustomerOrderViewController.m */; };
		3C85F3D01AED148C00481F0C /* SNCustomerOrder.m in Sources */ = {isa = PBXBuildFile; fileRef = 3C85F3CF1AED148C00481F0C /* SNCustomerOrder.m */; };
		3C85F3D31AED14D600481F0C /* SNCustomerOrderModel.m in Sources */ = {isa = PBXBuildFile; fileRef = 3C85F3D21AED14D600481F0C /* SNCustomerOrderModel.m */; };
		3C85F3D61AED168500481F0C /* SNCustomerOrderCell.m in Sources */ = {isa = PBXBuildFile; fileRef = 3C85F3D51AED168500481F0C /* SNCustomerOrderCell.m */; };
		3CB68AFB1AE78DBC0092E9F6 /* SNNullCell.m in Sources */ = {isa = PBXBuildFile; fileRef = 3CB68AFA1AE78DBC0092E9F6 /* SNNullCell.m */; };
		3CC62C9C1AE0ECC0004D7C8D /* UIViewController+SNCommon.m in Sources */ = {isa = PBXBuildFile; fileRef = 3CC62C9B1AE0ECC0004D7C8D /* UIViewController+SNCommon.m */; };
		3CC62CA31AE0EE22004D7C8D /* SNProgressHUD.m in Sources */ = {isa = PBXBuildFile; fileRef = 3CC62CA21AE0EE22004D7C8D /* SNProgressHUD.m */; };
		3CC62CA61AE1084D004D7C8D /* SNMainTextField.m in Sources */ = {isa = PBXBuildFile; fileRef = 3CC62CA51AE1084D004D7C8D /* SNMainTextField.m */; };
		3CE0C3DF1ADE586E00EF3358 /* SNEatAndBed.plist in Resources */ = {isa = PBXBuildFile; fileRef = 3CE0C3DC1ADE586E00EF3358 /* SNEatAndBed.plist */; };
		3CE0C3E01ADE586E00EF3358 /* SNHealthAndBeauty.plist in Resources */ = {isa = PBXBuildFile; fileRef = 3CE0C3DD1ADE586E00EF3358 /* SNHealthAndBeauty.plist */; };
		3CE0C3E11ADE586E00EF3358 /* SNMarket.plist in Resources */ = {isa = PBXBuildFile; fileRef = 3CE0C3DE1ADE586E00EF3358 /* SNMarket.plist */; };
		3CEFF7A01ADB728C0055F2DB /* UIView+Frame.m in Sources */ = {isa = PBXBuildFile; fileRef = 3CEFF79F1ADB728C0055F2DB /* UIView+Frame.m */; };
		3CEFF7A31ADB95880055F2DB /* SNMainCellData.m in Sources */ = {isa = PBXBuildFile; fileRef = 3CEFF7A21ADB95880055F2DB /* SNMainCellData.m */; };
		3CEFF7A61ADB960F0055F2DB /* SNMainCell.m in Sources */ = {isa = PBXBuildFile; fileRef = 3CEFF7A51ADB960F0055F2DB /* SNMainCell.m */; };
/* End PBXBuildFile section */

/* Begin PBXContainerItemProxy section */
		3C49E6A41ADB51490008085F /* PBXContainerItemProxy */ = {
			isa = PBXContainerItemProxy;
			containerPortal = 3C49E6821ADB51490008085F /* Project object */;
			proxyType = 1;
			remoteGlobalIDString = 3C49E6891ADB51490008085F;
			remoteInfo = SNCommunicate;
		};
/* End PBXContainerItemProxy section */

/* Begin PBXFileReference section */
		3C214BF41AE23A170064644A /* SNDetailsViewController.h */ = {isa = PBXFileReference; fileEncoding = 4; lastKnownFileType = sourcecode.c.h; path = SNDetailsViewController.h; sourceTree = "<group>"; };
		3C214BF51AE23A170064644A /* SNDetailsViewController.m */ = {isa = PBXFileReference; fileEncoding = 4; lastKnownFileType = sourcecode.c.objc; path = SNDetailsViewController.m; sourceTree = "<group>"; };
		3C214BF71AE2427A0064644A /* SNDetailsData.h */ = {isa = PBXFileReference; fileEncoding = 4; lastKnownFileType = sourcecode.c.h; path = SNDetailsData.h; sourceTree = "<group>"; };
		3C214BF81AE2427A0064644A /* SNDetailsData.m */ = {isa = PBXFileReference; fileEncoding = 4; lastKnownFileType = sourcecode.c.objc; path = SNDetailsData.m; sourceTree = "<group>"; };
		3C214BFA1AE247C10064644A /* SNDetailsScrollView.h */ = {isa = PBXFileReference; fileEncoding = 4; lastKnownFileType = sourcecode.c.h; path = SNDetailsScrollView.h; sourceTree = "<group>"; };
		3C214BFB1AE247C10064644A /* SNDetailsScrollView.m */ = {isa = PBXFileReference; fileEncoding = 4; lastKnownFileType = sourcecode.c.objc; path = SNDetailsScrollView.m; sourceTree = "<group>"; };
		3C214BFD1AE266550064644A /* SNGoodsDetailsView.h */ = {isa = PBXFileReference; fileEncoding = 4; lastKnownFileType = sourcecode.c.h; path = SNGoodsDetailsView.h; sourceTree = "<group>"; };
		3C214BFE1AE266550064644A /* SNGoodsDetailsView.m */ = {isa = PBXFileReference; fileEncoding = 4; lastKnownFileType = sourcecode.c.objc; path = SNGoodsDetailsView.m; sourceTree = "<group>"; };
		3C214C001AE28B170064644A /* SNShopDetailsView.h */ = {isa = PBXFileReference; fileEncoding = 4; lastKnownFileType = sourcecode.c.h; path = SNShopDetailsView.h; sourceTree = "<group>"; };
		3C214C011AE28B170064644A /* SNShopDetailsView.m */ = {isa = PBXFileReference; fileEncoding = 4; lastKnownFileType = sourcecode.c.objc; path = SNShopDetailsView.m; sourceTree = "<group>"; };
		3C214C031AE2A1850064644A /* SNDetailsModel.h */ = {isa = PBXFileReference; fileEncoding = 4; lastKnownFileType = sourcecode.c.h; path = SNDetailsModel.h; sourceTree = "<group>"; };
		3C214C041AE2A1850064644A /* SNDetailsModel.m */ = {isa = PBXFileReference; fileEncoding = 4; lastKnownFileType = sourcecode.c.objc; path = SNDetailsModel.m; sourceTree = "<group>"; };
		3C214C061AE2A4E40064644A /* SNOtherGoodsView.h */ = {isa = PBXFileReference; fileEncoding = 4; lastKnownFileType = sourcecode.c.h; path = SNOtherGoodsView.h; sourceTree = "<group>"; };
		3C214C071AE2A4E40064644A /* SNOtherGoodsView.m */ = {isa = PBXFileReference; fileEncoding = 4; lastKnownFileType = sourcecode.c.objc; path = SNOtherGoodsView.m; sourceTree = "<group>"; };
		3C214C091AE2A8070064644A /* SNOtherGoodsLabelView.h */ = {isa = PBXFileReference; fileEncoding = 4; lastKnownFileType = sourcecode.c.h; path = SNOtherGoodsLabelView.h; sourceTree = "<group>"; };
		3C214C0A1AE2A8070064644A /* SNOtherGoodsLabelView.m */ = {isa = PBXFileReference; fileEncoding = 4; lastKnownFileType = sourcecode.c.objc; path = SNOtherGoodsLabelView.m; sourceTree = "<group>"; };
		3C34749C1AE3922D009FBB68 /* SNUserModel.h */ = {isa = PBXFileReference; fileEncoding = 4; lastKnownFileType = sourcecode.c.h; path = SNUserModel.h; sourceTree = "<group>"; };
		3C34749D1AE3922D009FBB68 /* SNUserModel.m */ = {isa = PBXFileReference; fileEncoding = 4; lastKnownFileType = sourcecode.c.objc; path = SNUserModel.m; sourceTree = "<group>"; };
		3C34749F1AE39835009FBB68 /* SNArchiverManger.h */ = {isa = PBXFileReference; fileEncoding = 4; lastKnownFileType = sourcecode.c.h; path = SNArchiverManger.h; sourceTree = "<group>"; };
		3C3474A01AE39835009FBB68 /* SNArchiverManger.m */ = {isa = PBXFileReference; fileEncoding = 4; lastKnownFileType = sourcecode.c.objc; path = SNArchiverManger.m; sourceTree = "<group>"; };
		3C3474A61AE3ADF4009FBB68 /* SNMYViewController.h */ = {isa = PBXFileReference; fileEncoding = 4; lastKnownFileType = sourcecode.c.h; path = SNMYViewController.h; sourceTree = "<group>"; };
		3C3474A71AE3ADF4009FBB68 /* SNMYViewController.m */ = {isa = PBXFileReference; fileEncoding = 4; lastKnownFileType = sourcecode.c.objc; path = SNMYViewController.m; sourceTree = "<group>"; };
		3C49E68A1ADB51490008085F /* SNCommunicate.app */ = {isa = PBXFileReference; explicitFileType = wrapper.application; includeInIndex = 0; path = SNCommunicate.app; sourceTree = BUILT_PRODUCTS_DIR; };
		3C49E6A31ADB51490008085F /* SNCommunicateTests.xctest */ = {isa = PBXFileReference; explicitFileType = wrapper.cfbundle; includeInIndex = 0; path = SNCommunicateTests.xctest; sourceTree = BUILT_PRODUCTS_DIR; };
		3C49E6A81ADB51490008085F /* Info.plist */ = {isa = PBXFileReference; lastKnownFileType = text.plist.xml; path = Info.plist; sourceTree = "<group>"; };
		3C49E6A91ADB51490008085F /* SNCommunicateTests.m */ = {isa = PBXFileReference; lastKnownFileType = sourcecode.c.objc; path = SNCommunicateTests.m; sourceTree = "<group>"; };
		3C49E6B71ADB55710008085F /* SNMainViewController.h */ = {isa = PBXFileReference; fileEncoding = 4; lastKnownFileType = sourcecode.c.h; path = SNMainViewController.h; sourceTree = "<group>"; };
		3C49E6B81ADB55710008085F /* SNMainViewController.m */ = {isa = PBXFileReference; fileEncoding = 4; lastKnownFileType = sourcecode.c.objc; path = SNMainViewController.m; sourceTree = "<group>"; };
		3C49E6BC1ADB55710008085F /* AppDelegate.h */ = {isa = PBXFileReference; fileEncoding = 4; lastKnownFileType = sourcecode.c.h; path = AppDelegate.h; sourceTree = "<group>"; };
		3C49E6BD1ADB55710008085F /* AppDelegate.m */ = {isa = PBXFileReference; fileEncoding = 4; lastKnownFileType = sourcecode.c.objc; path = AppDelegate.m; sourceTree = "<group>"; };
		3C49E6BF1ADB55710008085F /* main.m */ = {isa = PBXFileReference; fileEncoding = 4; lastKnownFileType = sourcecode.c.objc; path = main.m; sourceTree = "<group>"; };
		3C49E6C21ADB55710008085F /* AFHTTPRequestOperation.h */ = {isa = PBXFileReference; fileEncoding = 4; lastKnownFileType = sourcecode.c.h; path = AFHTTPRequestOperation.h; sourceTree = "<group>"; };
		3C49E6C31ADB55710008085F /* AFHTTPRequestOperation.m */ = {isa = PBXFileReference; fileEncoding = 4; lastKnownFileType = sourcecode.c.objc; path = AFHTTPRequestOperation.m; sourceTree = "<group>"; };
		3C49E6C41ADB55710008085F /* AFHTTPRequestOperationManager.h */ = {isa = PBXFileReference; fileEncoding = 4; lastKnownFileType = sourcecode.c.h; path = AFHTTPRequestOperationManager.h; sourceTree = "<group>"; };
		3C49E6C51ADB55710008085F /* AFHTTPRequestOperationManager.m */ = {isa = PBXFileReference; fileEncoding = 4; lastKnownFileType = sourcecode.c.objc; path = AFHTTPRequestOperationManager.m; sourceTree = "<group>"; };
		3C49E6C61ADB55710008085F /* AFHTTPSessionManager.h */ = {isa = PBXFileReference; fileEncoding = 4; lastKnownFileType = sourcecode.c.h; path = AFHTTPSessionManager.h; sourceTree = "<group>"; };
		3C49E6C71ADB55710008085F /* AFHTTPSessionManager.m */ = {isa = PBXFileReference; fileEncoding = 4; lastKnownFileType = sourcecode.c.objc; path = AFHTTPSessionManager.m; sourceTree = "<group>"; };
		3C49E6C81ADB55710008085F /* AFNetworking.h */ = {isa = PBXFileReference; fileEncoding = 4; lastKnownFileType = sourcecode.c.h; path = AFNetworking.h; sourceTree = "<group>"; };
		3C49E6C91ADB55710008085F /* AFNetworkReachabilityManager.h */ = {isa = PBXFileReference; fileEncoding = 4; lastKnownFileType = sourcecode.c.h; path = AFNetworkReachabilityManager.h; sourceTree = "<group>"; };
		3C49E6CA1ADB55710008085F /* AFNetworkReachabilityManager.m */ = {isa = PBXFileReference; fileEncoding = 4; lastKnownFileType = sourcecode.c.objc; path = AFNetworkReachabilityManager.m; sourceTree = "<group>"; };
		3C49E6CB1ADB55710008085F /* AFSecurityPolicy.h */ = {isa = PBXFileReference; fileEncoding = 4; lastKnownFileType = sourcecode.c.h; path = AFSecurityPolicy.h; sourceTree = "<group>"; };
		3C49E6CC1ADB55710008085F /* AFSecurityPolicy.m */ = {isa = PBXFileReference; fileEncoding = 4; lastKnownFileType = sourcecode.c.objc; path = AFSecurityPolicy.m; sourceTree = "<group>"; };
		3C49E6CD1ADB55710008085F /* AFURLConnectionOperation.h */ = {isa = PBXFileReference; fileEncoding = 4; lastKnownFileType = sourcecode.c.h; path = AFURLConnectionOperation.h; sourceTree = "<group>"; };
		3C49E6CE1ADB55710008085F /* AFURLConnectionOperation.m */ = {isa = PBXFileReference; fileEncoding = 4; lastKnownFileType = sourcecode.c.objc; path = AFURLConnectionOperation.m; sourceTree = "<group>"; };
		3C49E6CF1ADB55710008085F /* AFURLRequestSerialization.h */ = {isa = PBXFileReference; fileEncoding = 4; lastKnownFileType = sourcecode.c.h; path = AFURLRequestSerialization.h; sourceTree = "<group>"; };
		3C49E6D01ADB55710008085F /* AFURLRequestSerialization.m */ = {isa = PBXFileReference; fileEncoding = 4; lastKnownFileType = sourcecode.c.objc; path = AFURLRequestSerialization.m; sourceTree = "<group>"; };
		3C49E6D11ADB55710008085F /* AFURLResponseSerialization.h */ = {isa = PBXFileReference; fileEncoding = 4; lastKnownFileType = sourcecode.c.h; path = AFURLResponseSerialization.h; sourceTree = "<group>"; };
		3C49E6D21ADB55710008085F /* AFURLResponseSerialization.m */ = {isa = PBXFileReference; fileEncoding = 4; lastKnownFileType = sourcecode.c.objc; path = AFURLResponseSerialization.m; sourceTree = "<group>"; };
		3C49E6D31ADB55710008085F /* AFURLSessionManager.h */ = {isa = PBXFileReference; fileEncoding = 4; lastKnownFileType = sourcecode.c.h; path = AFURLSessionManager.h; sourceTree = "<group>"; };
		3C49E6D41ADB55710008085F /* AFURLSessionManager.m */ = {isa = PBXFileReference; fileEncoding = 4; lastKnownFileType = sourcecode.c.objc; path = AFURLSessionManager.m; sourceTree = "<group>"; };
		3C49E6D61ADB55710008085F /* MJRefresh.bundle */ = {isa = PBXFileReference; lastKnownFileType = "wrapper.plug-in"; path = MJRefresh.bundle; sourceTree = "<group>"; };
		3C49E6D71ADB55710008085F /* MJRefresh.h */ = {isa = PBXFileReference; fileEncoding = 4; lastKnownFileType = sourcecode.c.h; path = MJRefresh.h; sourceTree = "<group>"; };
		3C49E6D81ADB55710008085F /* MJRefreshComponent.h */ = {isa = PBXFileReference; fileEncoding = 4; lastKnownFileType = sourcecode.c.h; path = MJRefreshComponent.h; sourceTree = "<group>"; };
		3C49E6D91ADB55710008085F /* MJRefreshComponent.m */ = {isa = PBXFileReference; fileEncoding = 4; lastKnownFileType = sourcecode.c.objc; path = MJRefreshComponent.m; sourceTree = "<group>"; };
		3C49E6DA1ADB55710008085F /* MJRefreshConst.h */ = {isa = PBXFileReference; fileEncoding = 4; lastKnownFileType = sourcecode.c.h; path = MJRefreshConst.h; sourceTree = "<group>"; };
		3C49E6DB1ADB55710008085F /* MJRefreshConst.m */ = {isa = PBXFileReference; fileEncoding = 4; lastKnownFileType = sourcecode.c.objc; path = MJRefreshConst.m; sourceTree = "<group>"; };
		3C49E6DC1ADB55710008085F /* MJRefreshFooter.h */ = {isa = PBXFileReference; fileEncoding = 4; lastKnownFileType = sourcecode.c.h; path = MJRefreshFooter.h; sourceTree = "<group>"; };
		3C49E6DD1ADB55710008085F /* MJRefreshFooter.m */ = {isa = PBXFileReference; fileEncoding = 4; lastKnownFileType = sourcecode.c.objc; path = MJRefreshFooter.m; sourceTree = "<group>"; };
		3C49E6DE1ADB55710008085F /* MJRefreshGifFooter.h */ = {isa = PBXFileReference; fileEncoding = 4; lastKnownFileType = sourcecode.c.h; path = MJRefreshGifFooter.h; sourceTree = "<group>"; };
		3C49E6DF1ADB55710008085F /* MJRefreshGifFooter.m */ = {isa = PBXFileReference; fileEncoding = 4; lastKnownFileType = sourcecode.c.objc; path = MJRefreshGifFooter.m; sourceTree = "<group>"; };
		3C49E6E01ADB55710008085F /* MJRefreshGifHeader.h */ = {isa = PBXFileReference; fileEncoding = 4; lastKnownFileType = sourcecode.c.h; path = MJRefreshGifHeader.h; sourceTree = "<group>"; };
		3C49E6E11ADB55710008085F /* MJRefreshGifHeader.m */ = {isa = PBXFileReference; fileEncoding = 4; lastKnownFileType = sourcecode.c.objc; path = MJRefreshGifHeader.m; sourceTree = "<group>"; };
		3C49E6E21ADB55710008085F /* MJRefreshHeader.h */ = {isa = PBXFileReference; fileEncoding = 4; lastKnownFileType = sourcecode.c.h; path = MJRefreshHeader.h; sourceTree = "<group>"; };
		3C49E6E31ADB55710008085F /* MJRefreshHeader.m */ = {isa = PBXFileReference; fileEncoding = 4; lastKnownFileType = sourcecode.c.objc; path = MJRefreshHeader.m; sourceTree = "<group>"; };
		3C49E6E41ADB55710008085F /* MJRefreshLegendFooter.h */ = {isa = PBXFileReference; fileEncoding = 4; lastKnownFileType = sourcecode.c.h; path = MJRefreshLegendFooter.h; sourceTree = "<group>"; };
		3C49E6E51ADB55710008085F /* MJRefreshLegendFooter.m */ = {isa = PBXFileReference; fileEncoding = 4; lastKnownFileType = sourcecode.c.objc; path = MJRefreshLegendFooter.m; sourceTree = "<group>"; };
		3C49E6E61ADB55710008085F /* MJRefreshLegendHeader.h */ = {isa = PBXFileReference; fileEncoding = 4; lastKnownFileType = sourcecode.c.h; path = MJRefreshLegendHeader.h; sourceTree = "<group>"; };
		3C49E6E71ADB55710008085F /* MJRefreshLegendHeader.m */ = {isa = PBXFileReference; fileEncoding = 4; lastKnownFileType = sourcecode.c.objc; path = MJRefreshLegendHeader.m; sourceTree = "<group>"; };
		3C49E6E81ADB55710008085F /* UIScrollView+MJExtension.h */ = {isa = PBXFileReference; fileEncoding = 4; lastKnownFileType = sourcecode.c.h; path = "UIScrollView+MJExtension.h"; sourceTree = "<group>"; };
		3C49E6E91ADB55710008085F /* UIScrollView+MJExtension.m */ = {isa = PBXFileReference; fileEncoding = 4; lastKnownFileType = sourcecode.c.objc; path = "UIScrollView+MJExtension.m"; sourceTree = "<group>"; };
		3C49E6EA1ADB55710008085F /* UIScrollView+MJRefresh.h */ = {isa = PBXFileReference; fileEncoding = 4; lastKnownFileType = sourcecode.c.h; path = "UIScrollView+MJRefresh.h"; sourceTree = "<group>"; };
		3C49E6EB1ADB55710008085F /* UIScrollView+MJRefresh.m */ = {isa = PBXFileReference; fileEncoding = 4; lastKnownFileType = sourcecode.c.objc; path = "UIScrollView+MJRefresh.m"; sourceTree = "<group>"; };
		3C49E6EC1ADB55710008085F /* UIView+MJExtension.h */ = {isa = PBXFileReference; fileEncoding = 4; lastKnownFileType = sourcecode.c.h; path = "UIView+MJExtension.h"; sourceTree = "<group>"; };
		3C49E6ED1ADB55710008085F /* UIView+MJExtension.m */ = {isa = PBXFileReference; fileEncoding = 4; lastKnownFileType = sourcecode.c.objc; path = "UIView+MJExtension.m"; sourceTree = "<group>"; };
		3C49E6EF1ADB55710008085F /* MKAnnotationView+WebCache.h */ = {isa = PBXFileReference; fileEncoding = 4; lastKnownFileType = sourcecode.c.h; path = "MKAnnotationView+WebCache.h"; sourceTree = "<group>"; };
		3C49E6F01ADB55710008085F /* MKAnnotationView+WebCache.m */ = {isa = PBXFileReference; fileEncoding = 4; lastKnownFileType = sourcecode.c.objc; path = "MKAnnotationView+WebCache.m"; sourceTree = "<group>"; };
		3C49E6F11ADB55710008085F /* NSData+ImageContentType.h */ = {isa = PBXFileReference; fileEncoding = 4; lastKnownFileType = sourcecode.c.h; path = "NSData+ImageContentType.h"; sourceTree = "<group>"; };
		3C49E6F21ADB55710008085F /* NSData+ImageContentType.m */ = {isa = PBXFileReference; fileEncoding = 4; lastKnownFileType = sourcecode.c.objc; path = "NSData+ImageContentType.m"; sourceTree = "<group>"; };
		3C49E6F31ADB55710008085F /* SDImageCache.h */ = {isa = PBXFileReference; fileEncoding = 4; lastKnownFileType = sourcecode.c.h; path = SDImageCache.h; sourceTree = "<group>"; };
		3C49E6F41ADB55710008085F /* SDImageCache.m */ = {isa = PBXFileReference; fileEncoding = 4; lastKnownFileType = sourcecode.c.objc; path = SDImageCache.m; sourceTree = "<group>"; };
		3C49E6F51ADB55710008085F /* SDWebImageCompat.h */ = {isa = PBXFileReference; fileEncoding = 4; lastKnownFileType = sourcecode.c.h; path = SDWebImageCompat.h; sourceTree = "<group>"; };
		3C49E6F61ADB55710008085F /* SDWebImageCompat.m */ = {isa = PBXFileReference; fileEncoding = 4; lastKnownFileType = sourcecode.c.objc; path = SDWebImageCompat.m; sourceTree = "<group>"; };
		3C49E6F71ADB55710008085F /* SDWebImageDecoder.h */ = {isa = PBXFileReference; fileEncoding = 4; lastKnownFileType = sourcecode.c.h; path = SDWebImageDecoder.h; sourceTree = "<group>"; };
		3C49E6F81ADB55710008085F /* SDWebImageDecoder.m */ = {isa = PBXFileReference; fileEncoding = 4; lastKnownFileType = sourcecode.c.objc; path = SDWebImageDecoder.m; sourceTree = "<group>"; };
		3C49E6F91ADB55710008085F /* SDWebImageDownloader.h */ = {isa = PBXFileReference; fileEncoding = 4; lastKnownFileType = sourcecode.c.h; path = SDWebImageDownloader.h; sourceTree = "<group>"; };
		3C49E6FA1ADB55710008085F /* SDWebImageDownloader.m */ = {isa = PBXFileReference; fileEncoding = 4; lastKnownFileType = sourcecode.c.objc; path = SDWebImageDownloader.m; sourceTree = "<group>"; };
		3C49E6FB1ADB55710008085F /* SDWebImageDownloaderOperation.h */ = {isa = PBXFileReference; fileEncoding = 4; lastKnownFileType = sourcecode.c.h; path = SDWebImageDownloaderOperation.h; sourceTree = "<group>"; };
		3C49E6FC1ADB55710008085F /* SDWebImageDownloaderOperation.m */ = {isa = PBXFileReference; fileEncoding = 4; lastKnownFileType = sourcecode.c.objc; path = SDWebImageDownloaderOperation.m; sourceTree = "<group>"; };
		3C49E6FD1ADB55710008085F /* SDWebImageManager.h */ = {isa = PBXFileReference; fileEncoding = 4; lastKnownFileType = sourcecode.c.h; path = SDWebImageManager.h; sourceTree = "<group>"; };
		3C49E6FE1ADB55710008085F /* SDWebImageManager.m */ = {isa = PBXFileReference; fileEncoding = 4; lastKnownFileType = sourcecode.c.objc; path = SDWebImageManager.m; sourceTree = "<group>"; };
		3C49E6FF1ADB55710008085F /* SDWebImageOperation.h */ = {isa = PBXFileReference; fileEncoding = 4; lastKnownFileType = sourcecode.c.h; path = SDWebImageOperation.h; sourceTree = "<group>"; };
		3C49E7001ADB55710008085F /* SDWebImagePrefetcher.h */ = {isa = PBXFileReference; fileEncoding = 4; lastKnownFileType = sourcecode.c.h; path = SDWebImagePrefetcher.h; sourceTree = "<group>"; };
		3C49E7011ADB55710008085F /* SDWebImagePrefetcher.m */ = {isa = PBXFileReference; fileEncoding = 4; lastKnownFileType = sourcecode.c.objc; path = SDWebImagePrefetcher.m; sourceTree = "<group>"; };
		3C49E7021ADB55710008085F /* UIButton+WebCache.h */ = {isa = PBXFileReference; fileEncoding = 4; lastKnownFileType = sourcecode.c.h; path = "UIButton+WebCache.h"; sourceTree = "<group>"; };
		3C49E7031ADB55710008085F /* UIButton+WebCache.m */ = {isa = PBXFileReference; fileEncoding = 4; lastKnownFileType = sourcecode.c.objc; path = "UIButton+WebCache.m"; sourceTree = "<group>"; };
		3C49E7041ADB55710008085F /* UIImage+GIF.h */ = {isa = PBXFileReference; fileEncoding = 4; lastKnownFileType = sourcecode.c.h; path = "UIImage+GIF.h"; sourceTree = "<group>"; };
		3C49E7051ADB55710008085F /* UIImage+GIF.m */ = {isa = PBXFileReference; fileEncoding = 4; lastKnownFileType = sourcecode.c.objc; path = "UIImage+GIF.m"; sourceTree = "<group>"; };
		3C49E7061ADB55710008085F /* UIImage+MultiFormat.h */ = {isa = PBXFileReference; fileEncoding = 4; lastKnownFileType = sourcecode.c.h; path = "UIImage+MultiFormat.h"; sourceTree = "<group>"; };
		3C49E7071ADB55710008085F /* UIImage+MultiFormat.m */ = {isa = PBXFileReference; fileEncoding = 4; lastKnownFileType = sourcecode.c.objc; path = "UIImage+MultiFormat.m"; sourceTree = "<group>"; };
		3C49E7081ADB55710008085F /* UIImage+WebP.h */ = {isa = PBXFileReference; fileEncoding = 4; lastKnownFileType = sourcecode.c.h; path = "UIImage+WebP.h"; sourceTree = "<group>"; };
		3C49E7091ADB55710008085F /* UIImage+WebP.m */ = {isa = PBXFileReference; fileEncoding = 4; lastKnownFileType = sourcecode.c.objc; path = "UIImage+WebP.m"; sourceTree = "<group>"; };
		3C49E70A1ADB55710008085F /* UIImageView+HighlightedWebCache.h */ = {isa = PBXFileReference; fileEncoding = 4; lastKnownFileType = sourcecode.c.h; path = "UIImageView+HighlightedWebCache.h"; sourceTree = "<group>"; };
		3C49E70B1ADB55710008085F /* UIImageView+HighlightedWebCache.m */ = {isa = PBXFileReference; fileEncoding = 4; lastKnownFileType = sourcecode.c.objc; path = "UIImageView+HighlightedWebCache.m"; sourceTree = "<group>"; };
		3C49E70C1ADB55710008085F /* UIImageView+WebCache.h */ = {isa = PBXFileReference; fileEncoding = 4; lastKnownFileType = sourcecode.c.h; path = "UIImageView+WebCache.h"; sourceTree = "<group>"; };
		3C49E70D1ADB55710008085F /* UIImageView+WebCache.m */ = {isa = PBXFileReference; fileEncoding = 4; lastKnownFileType = sourcecode.c.objc; path = "UIImageView+WebCache.m"; sourceTree = "<group>"; };
		3C49E70E1ADB55710008085F /* UIView+WebCacheOperation.h */ = {isa = PBXFileReference; fileEncoding = 4; lastKnownFileType = sourcecode.c.h; path = "UIView+WebCacheOperation.h"; sourceTree = "<group>"; };
		3C49E70F1ADB55710008085F /* UIView+WebCacheOperation.m */ = {isa = PBXFileReference; fileEncoding = 4; lastKnownFileType = sourcecode.c.objc; path = "UIView+WebCacheOperation.m"; sourceTree = "<group>"; };
		3C49E7391ADB55B20008085F /* Info.plist */ = {isa = PBXFileReference; fileEncoding = 4; lastKnownFileType = text.plist.xml; path = Info.plist; sourceTree = "<group>"; };
		3C49E7411ADB597E0008085F /* SNTabBar.h */ = {isa = PBXFileReference; fileEncoding = 4; lastKnownFileType = sourcecode.c.h; path = SNTabBar.h; sourceTree = "<group>"; };
		3C49E7421ADB597E0008085F /* SNTabBar.m */ = {isa = PBXFileReference; fileEncoding = 4; lastKnownFileType = sourcecode.c.objc; path = SNTabBar.m; sourceTree = "<group>"; };
		3C49E7441ADB598F0008085F /* SNTabBarButton.h */ = {isa = PBXFileReference; fileEncoding = 4; lastKnownFileType = sourcecode.c.h; path = SNTabBarButton.h; sourceTree = "<group>"; };
		3C49E7451ADB598F0008085F /* SNTabBarButton.m */ = {isa = PBXFileReference; fileEncoding = 4; lastKnownFileType = sourcecode.c.objc; path = SNTabBarButton.m; sourceTree = "<group>"; };
		3C49E7471ADB59E20008085F /* SNMainNavigationController.h */ = {isa = PBXFileReference; fileEncoding = 4; lastKnownFileType = sourcecode.c.h; path = SNMainNavigationController.h; sourceTree = "<group>"; };
		3C49E7481ADB59E20008085F /* SNMainNavigationController.m */ = {isa = PBXFileReference; fileEncoding = 4; lastKnownFileType = sourcecode.c.objc; path = SNMainNavigationController.m; sourceTree = "<group>"; };
		3C49E74E1ADB62070008085F /* SNAccountViewController.h */ = {isa = PBXFileReference; fileEncoding = 4; lastKnownFileType = sourcecode.c.h; path = SNAccountViewController.h; sourceTree = "<group>"; };
		3C49E74F1ADB62070008085F /* SNAccountViewController.m */ = {isa = PBXFileReference; fileEncoding = 4; lastKnownFileType = sourcecode.c.objc; path = SNAccountViewController.m; sourceTree = "<group>"; };
		3C49E7511ADB62380008085F /* SNCommunicateMainViewController.h */ = {isa = PBXFileReference; fileEncoding = 4; lastKnownFileType = sourcecode.c.h; path = SNCommunicateMainViewController.h; sourceTree = "<group>"; };
		3C49E7521ADB62380008085F /* SNCommunicateMainViewController.m */ = {isa = PBXFileReference; fileEncoding = 4; lastKnownFileType = sourcecode.c.objc; path = SNCommunicateMainViewController.m; sourceTree = "<group>"; };
		3C49E7541ADB64C00008085F /* Images.xcassets */ = {isa = PBXFileReference; lastKnownFileType = folder.assetcatalog; path = Images.xcassets; sourceTree = "<group>"; };
		3C49E7571ADB67B40008085F /* UIImage+Tool.h */ = {isa = PBXFileReference; fileEncoding = 4; lastKnownFileType = sourcecode.c.h; path = "UIImage+Tool.h"; sourceTree = "<group>"; };
		3C49E7581ADB67B40008085F /* UIImage+Tool.m */ = {isa = PBXFileReference; fileEncoding = 4; lastKnownFileType = sourcecode.c.objc; path = "UIImage+Tool.m"; sourceTree = "<group>"; };
		3C49E75E1ADB67C40008085F /* MBProgressHUD+MJ.h */ = {isa = PBXFileReference; fileEncoding = 4; lastKnownFileType = sourcecode.c.h; path = "MBProgressHUD+MJ.h"; sourceTree = "<group>"; };
		3C49E75F1ADB67C40008085F /* MBProgressHUD+MJ.m */ = {isa = PBXFileReference; fileEncoding = 4; lastKnownFileType = sourcecode.c.objc; path = "MBProgressHUD+MJ.m"; sourceTree = "<group>"; };
		3C49E7601ADB67C40008085F /* MBProgressHUD.bundle */ = {isa = PBXFileReference; lastKnownFileType = "wrapper.plug-in"; path = MBProgressHUD.bundle; sourceTree = "<group>"; };
		3C49E7611ADB67C40008085F /* MBProgressHUD.h */ = {isa = PBXFileReference; fileEncoding = 4; lastKnownFileType = sourcecode.c.h; path = MBProgressHUD.h; sourceTree = "<group>"; };
		3C49E7621ADB67C40008085F /* MBProgressHUD.m */ = {isa = PBXFileReference; fileEncoding = 4; lastKnownFileType = sourcecode.c.objc; path = MBProgressHUD.m; sourceTree = "<group>"; };
		3C49E7661ADB68030008085F /* Global.pch */ = {isa = PBXFileReference; lastKnownFileType = sourcecode.c.h; path = Global.pch; sourceTree = "<group>"; };
		3C5698DD1ADE942500743E35 /* SNAccountViewController.storyboard */ = {isa = PBXFileReference; fileEncoding = 4; lastKnownFileType = file.storyboard; path = SNAccountViewController.storyboard; sourceTree = "<group>"; };
		3C71E88B1AE3723300056A7C /* SNNetManger.h */ = {isa = PBXFileReference; fileEncoding = 4; lastKnownFileType = sourcecode.c.h; path = SNNetManger.h; sourceTree = "<group>"; };
		3C71E88C1AE3723300056A7C /* SNNetManger.m */ = {isa = PBXFileReference; fileEncoding = 4; lastKnownFileType = sourcecode.c.objc; path = SNNetManger.m; sourceTree = "<group>"; };
		3C71E88F1AE3785900056A7C /* LICENCE.txt */ = {isa = PBXFileReference; fileEncoding = 4; lastKnownFileType = text; path = LICENCE.txt; sourceTree = "<group>"; };
		3C71E8901AE3785900056A7C /* Reachability.h */ = {isa = PBXFileReference; fileEncoding = 4; lastKnownFileType = sourcecode.c.h; path = Reachability.h; sourceTree = "<group>"; };
		3C71E8911AE3785900056A7C /* Reachability.m */ = {isa = PBXFileReference; fileEncoding = 4; lastKnownFileType = sourcecode.c.objc; path = Reachability.m; sourceTree = "<group>"; };
		3C71E8921AE3785900056A7C /* README.md */ = {isa = PBXFileReference; fileEncoding = 4; lastKnownFileType = net.daringfireball.markdown; path = README.md; sourceTree = "<group>"; };
		3C782A801ADD0BF100DD0FEC /* Define.h */ = {isa = PBXFileReference; lastKnownFileType = sourcecode.c.h; path = Define.h; sourceTree = "<group>"; };
		3C782A811ADD0D4900DD0FEC /* SNMainTableView.h */ = {isa = PBXFileReference; fileEncoding = 4; lastKnownFileType = sourcecode.c.h; path = SNMainTableView.h; sourceTree = "<group>"; };
		3C782A821ADD0D4900DD0FEC /* SNMainTableView.m */ = {isa = PBXFileReference; fileEncoding = 4; lastKnownFileType = sourcecode.c.objc; path = SNMainTableView.m; sourceTree = "<group>"; };
		3C782A8A1ADD113500DD0FEC /* SNSecondClassViewController.h */ = {isa = PBXFileReference; fileEncoding = 4; lastKnownFileType = sourcecode.c.h; path = SNSecondClassViewController.h; sourceTree = "<group>"; };
		3C782A8B1ADD113500DD0FEC /* SNSecondClassViewController.m */ = {isa = PBXFileReference; fileEncoding = 4; lastKnownFileType = sourcecode.c.objc; path = SNSecondClassViewController.m; sourceTree = "<group>"; };
		3C782A8D1ADD113500DD0FEC /* SNEntertainment.plist */ = {isa = PBXFileReference; fileEncoding = 4; lastKnownFileType = text.plist.xml; path = SNEntertainment.plist; sourceTree = "<group>"; };
		3C782A951ADD147600DD0FEC /* SNThirdClassViewController.h */ = {isa = PBXFileReference; fileEncoding = 4; lastKnownFileType = sourcecode.c.h; path = SNThirdClassViewController.h; sourceTree = "<group>"; };
		3C782A961ADD147600DD0FEC /* SNThirdClassViewController.m */ = {isa = PBXFileReference; fileEncoding = 4; lastKnownFileType = sourcecode.c.objc; path = SNThirdClassViewController.m; sourceTree = "<group>"; };
		3C782A981ADD174A00DD0FEC /* SNThirdClassCell.h */ = {isa = PBXFileReference; fileEncoding = 4; lastKnownFileType = sourcecode.c.h; path = SNThirdClassCell.h; sourceTree = "<group>"; };
		3C782A991ADD174A00DD0FEC /* SNThirdClassCell.m */ = {isa = PBXFileReference; fileEncoding = 4; lastKnownFileType = sourcecode.c.objc; path = SNThirdClassCell.m; sourceTree = "<group>"; };
		3C782A9B1ADD176E00DD0FEC /* SNSecondClassCell.h */ = {isa = PBXFileReference; fileEncoding = 4; lastKnownFileType = sourcecode.c.h; path = SNSecondClassCell.h; sourceTree = "<group>"; };
		3C782A9C1ADD176E00DD0FEC /* SNSecondClassCell.m */ = {isa = PBXFileReference; fileEncoding = 4; lastKnownFileType = sourcecode.c.objc; path = SNSecondClassCell.m; sourceTree = "<group>"; };
		3C782A9E1ADD17AB00DD0FEC /* SNSecondCellData.h */ = {isa = PBXFileReference; fileEncoding = 4; lastKnownFileType = sourcecode.c.h; path = SNSecondCellData.h; sourceTree = "<group>"; };
		3C782A9F1ADD17AB00DD0FEC /* SNSecondCellData.m */ = {isa = PBXFileReference; fileEncoding = 4; lastKnownFileType = sourcecode.c.objc; path = SNSecondCellData.m; sourceTree = "<group>"; };
		3C782AA11ADD188700DD0FEC /* SNShopData.h */ = {isa = PBXFileReference; fileEncoding = 4; lastKnownFileType = sourcecode.c.h; path = SNShopData.h; sourceTree = "<group>"; };
		3C782AA21ADD188700DD0FEC /* SNShopData.m */ = {isa = PBXFileReference; fileEncoding = 4; lastKnownFileType = sourcecode.c.objc; path = SNShopData.m; sourceTree = "<group>"; };
		3C782AA51ADD1BF400DD0FEC /* SNHttpTool.h */ = {isa = PBXFileReference; fileEncoding = 4; lastKnownFileType = sourcecode.c.h; path = SNHttpTool.h; sourceTree = "<group>"; };
		3C782AA61ADD1BF400DD0FEC /* SNHttpTool.m */ = {isa = PBXFileReference; fileEncoding = 4; lastKnownFileType = sourcecode.c.objc; path = SNHttpTool.m; sourceTree = "<group>"; };
		3C782AA91ADD380E00DD0FEC /* MJArgument.h */ = {isa = PBXFileReference; fileEncoding = 4; lastKnownFileType = sourcecode.c.h; path = MJArgument.h; sourceTree = "<group>"; };
		3C782AAA1ADD380E00DD0FEC /* MJArgument.m */ = {isa = PBXFileReference; fileEncoding = 4; lastKnownFileType = sourcecode.c.objc; path = MJArgument.m; sourceTree = "<group>"; };
		3C782AAB1ADD380E00DD0FEC /* MJConst.h */ = {isa = PBXFileReference; fileEncoding = 4; lastKnownFileType = sourcecode.c.h; path = MJConst.h; sourceTree = "<group>"; };
		3C782AAC1ADD380E00DD0FEC /* MJConst.m */ = {isa = PBXFileReference; fileEncoding = 4; lastKnownFileType = sourcecode.c.objc; path = MJConst.m; sourceTree = "<group>"; };
		3C782AAD1ADD380E00DD0FEC /* MJExtension.h */ = {isa = PBXFileReference; fileEncoding = 4; lastKnownFileType = sourcecode.c.h; path = MJExtension.h; sourceTree = "<group>"; };
		3C782AAE1ADD380E00DD0FEC /* MJFoundation.h */ = {isa = PBXFileReference; fileEncoding = 4; lastKnownFileType = sourcecode.c.h; path = MJFoundation.h; sourceTree = "<group>"; };
		3C782AAF1ADD380E00DD0FEC /* MJFoundation.m */ = {isa = PBXFileReference; fileEncoding = 4; lastKnownFileType = sourcecode.c.objc; path = MJFoundation.m; sourceTree = "<group>"; };
		3C782AB01ADD380E00DD0FEC /* MJIvar.h */ = {isa = PBXFileReference; fileEncoding = 4; lastKnownFileType = sourcecode.c.h; path = MJIvar.h; sourceTree = "<group>"; };
		3C782AB11ADD380E00DD0FEC /* MJIvar.m */ = {isa = PBXFileReference; fileEncoding = 4; lastKnownFileType = sourcecode.c.objc; path = MJIvar.m; sourceTree = "<group>"; };
		3C782AB21ADD380E00DD0FEC /* MJMember.h */ = {isa = PBXFileReference; fileEncoding = 4; lastKnownFileType = sourcecode.c.h; path = MJMember.h; sourceTree = "<group>"; };
		3C782AB31ADD380E00DD0FEC /* MJMember.m */ = {isa = PBXFileReference; fileEncoding = 4; lastKnownFileType = sourcecode.c.objc; path = MJMember.m; sourceTree = "<group>"; };
		3C782AB41ADD380E00DD0FEC /* MJMethod.h */ = {isa = PBXFileReference; fileEncoding = 4; lastKnownFileType = sourcecode.c.h; path = MJMethod.h; sourceTree = "<group>"; };
		3C782AB51ADD380E00DD0FEC /* MJMethod.m */ = {isa = PBXFileReference; fileEncoding = 4; lastKnownFileType = sourcecode.c.objc; path = MJMethod.m; sourceTree = "<group>"; };
		3C782AB61ADD380E00DD0FEC /* MJType.h */ = {isa = PBXFileReference; fileEncoding = 4; lastKnownFileType = sourcecode.c.h; path = MJType.h; sourceTree = "<group>"; };
		3C782AB71ADD380E00DD0FEC /* MJType.m */ = {isa = PBXFileReference; fileEncoding = 4; lastKnownFileType = sourcecode.c.objc; path = MJType.m; sourceTree = "<group>"; };
		3C782AB81ADD380E00DD0FEC /* MJTypeEncoding.h */ = {isa = PBXFileReference; fileEncoding = 4; lastKnownFileType = sourcecode.c.h; path = MJTypeEncoding.h; sourceTree = "<group>"; };
		3C782AB91ADD380E00DD0FEC /* MJTypeEncoding.m */ = {isa = PBXFileReference; fileEncoding = 4; lastKnownFileType = sourcecode.c.objc; path = MJTypeEncoding.m; sourceTree = "<group>"; };
		3C782ABA1ADD380E00DD0FEC /* NSObject+MJCoding.h */ = {isa = PBXFileReference; fileEncoding = 4; lastKnownFileType = sourcecode.c.h; path = "NSObject+MJCoding.h"; sourceTree = "<group>"; };
		3C782ABB1ADD380E00DD0FEC /* NSObject+MJCoding.m */ = {isa = PBXFileReference; fileEncoding = 4; lastKnownFileType = sourcecode.c.objc; path = "NSObject+MJCoding.m"; sourceTree = "<group>"; };
		3C782ABC1ADD380E00DD0FEC /* NSObject+MJKeyValue.h */ = {isa = PBXFileReference; fileEncoding = 4; lastKnownFileType = sourcecode.c.h; path = "NSObject+MJKeyValue.h"; sourceTree = "<group>"; };
		3C782ABD1ADD380E00DD0FEC /* NSObject+MJKeyValue.m */ = {isa = PBXFileReference; fileEncoding = 4; lastKnownFileType = sourcecode.c.objc; path = "NSObject+MJKeyValue.m"; sourceTree = "<group>"; };
		3C782ABE1ADD380E00DD0FEC /* NSObject+MJMember.h */ = {isa = PBXFileReference; fileEncoding = 4; lastKnownFileType = sourcecode.c.h; path = "NSObject+MJMember.h"; sourceTree = "<group>"; };
		3C782ABF1ADD380E00DD0FEC /* NSObject+MJMember.m */ = {isa = PBXFileReference; fileEncoding = 4; lastKnownFileType = sourcecode.c.objc; path = "NSObject+MJMember.m"; sourceTree = "<group>"; };
		3C782ACB1ADD398900DD0FEC /* SNThirdCellData.h */ = {isa = PBXFileReference; fileEncoding = 4; lastKnownFileType = sourcecode.c.h; path = SNThirdCellData.h; sourceTree = "<group>"; };
		3C782ACC1ADD398900DD0FEC /* SNThirdCellData.m */ = {isa = PBXFileReference; fileEncoding = 4; lastKnownFileType = sourcecode.c.objc; path = SNThirdCellData.m; sourceTree = "<group>"; };
		3C80A4A41ADFE0E900E9AE0B /* SNRegisterViewController.h */ = {isa = PBXFileReference; fileEncoding = 4; lastKnownFileType = sourcecode.c.h; path = SNRegisterViewController.h; sourceTree = "<group>"; };
		3C80A4A51ADFE0E900E9AE0B /* SNRegisterViewController.m */ = {isa = PBXFileReference; fileEncoding = 4; lastKnownFileType = sourcecode.c.objc; path = SNRegisterViewController.m; sourceTree = "<group>"; };
		3C85F3891AECCA8400481F0C /* SNCustomerCollectionViewController.h */ = {isa = PBXFileReference; fileEncoding = 4; lastKnownFileType = sourcecode.c.h; path = SNCustomerCollectionViewController.h; sourceTree = "<group>"; };
		3C85F38A1AECCA8400481F0C /* SNCustomerCollectionViewController.m */ = {isa = PBXFileReference; fileEncoding = 4; lastKnownFileType = sourcecode.c.objc; path = SNCustomerCollectionViewController.m; sourceTree = "<group>"; };
		3C85F38C1AECD5D100481F0C /* SNCustomerCollect.h */ = {isa = PBXFileReference; fileEncoding = 4; lastKnownFileType = sourcecode.c.h; path = SNCustomerCollect.h; sourceTree = "<group>"; };
		3C85F38D1AECD5D100481F0C /* SNCustomerCollect.m */ = {isa = PBXFileReference; fileEncoding = 4; lastKnownFileType = sourcecode.c.objc; path = SNCustomerCollect.m; sourceTree = "<group>"; };
		3C85F38F1AECD5DF00481F0C /* SNCustomerCollectModel.h */ = {isa = PBXFileReference; fileEncoding = 4; lastKnownFileType = sourcecode.c.h; path = SNCustomerCollectModel.h; sourceTree = "<group>"; };
		3C85F3901AECD5DF00481F0C /* SNCustomerCollectModel.m */ = {isa = PBXFileReference; fileEncoding = 4; lastKnownFileType = sourcecode.c.objc; path = SNCustomerCollectModel.m; sourceTree = "<group>"; };
		3C85F3CB1AED0A9800481F0C /* SNCustomerOrderViewController.h */ = {isa = PBXFileReference; fileEncoding = 4; lastKnownFileType = sourcecode.c.h; path = SNCustomerOrderViewController.h; sourceTree = "<group>"; };
		3C85F3CC1AED0A9800481F0C /* SNCustomerOrderViewController.m */ = {isa = PBXFileReference; fileEncoding = 4; lastKnownFileType = sourcecode.c.objc; path = SNCustomerOrderViewController.m; sourceTree = "<group>"; };
		3C85F3CE1AED148C00481F0C /* SNCustomerOrder.h */ = {isa = PBXFileReference; fileEncoding = 4; lastKnownFileType = sourcecode.c.h; path = SNCustomerOrder.h; sourceTree = "<group>"; };
		3C85F3CF1AED148C00481F0C /* SNCustomerOrder.m */ = {isa = PBXFileReference; fileEncoding = 4; lastKnownFileType = sourcecode.c.objc; path = SNCustomerOrder.m; sourceTree = "<group>"; };
		3C85F3D11AED14D600481F0C /* SNCustomerOrderModel.h */ = {isa = PBXFileReference; fileEncoding = 4; lastKnownFileType = sourcecode.c.h; path = SNCustomerOrderModel.h; sourceTree = "<group>"; };
		3C85F3D21AED14D600481F0C /* SNCustomerOrderModel.m */ = {isa = PBXFileReference; fileEncoding = 4; lastKnownFileType = sourcecode.c.objc; path = SNCustomerOrderModel.m; sourceTree = "<group>"; };
		3C85F3D41AED168500481F0C /* SNCustomerOrderCell.h */ = {isa = PBXFileReference; fileEncoding = 4; lastKnownFileType = sourcecode.c.h; path = SNCustomerOrderCell.h; sourceTree = "<group>"; };
		3C85F3D51AED168500481F0C /* SNCustomerOrderCell.m */ = {isa = PBXFileReference; fileEncoding = 4; lastKnownFileType = sourcecode.c.objc; path = SNCustomerOrderCell.m; sourceTree = "<group>"; };
		3CB68AF91AE78DBC0092E9F6 /* SNNullCell.h */ = {isa = PBXFileReference; fileEncoding = 4; lastKnownFileType = sourcecode.c.h; name = SNNullCell.h; path = ../../SNMain/View/SNNullCell.h; sourceTree = "<group>"; };
		3CB68AFA1AE78DBC0092E9F6 /* SNNullCell.m */ = {isa = PBXFileReference; fileEncoding = 4; lastKnownFileType = sourcecode.c.objc; name = SNNullCell.m; path = ../../SNMain/View/SNNullCell.m; sourceTree = "<group>"; };
		3CC62C9A1AE0ECC0004D7C8D /* UIViewController+SNCommon.h */ = {isa = PBXFileReference; fileEncoding = 4; lastKnownFileType = sourcecode.c.h; path = "UIViewController+SNCommon.h"; sourceTree = "<group>"; };
		3CC62C9B1AE0ECC0004D7C8D /* UIViewController+SNCommon.m */ = {isa = PBXFileReference; fileEncoding = 4; lastKnownFileType = sourcecode.c.objc; path = "UIViewController+SNCommon.m"; sourceTree = "<group>"; };
		3CC62CA11AE0EE22004D7C8D /* SNProgressHUD.h */ = {isa = PBXFileReference; fileEncoding = 4; lastKnownFileType = sourcecode.c.h; path = SNProgressHUD.h; sourceTree = "<group>"; };
		3CC62CA21AE0EE22004D7C8D /* SNProgressHUD.m */ = {isa = PBXFileReference; fileEncoding = 4; lastKnownFileType = sourcecode.c.objc; path = SNProgressHUD.m; sourceTree = "<group>"; };
		3CC62CA41AE1084D004D7C8D /* SNMainTextField.h */ = {isa = PBXFileReference; fileEncoding = 4; lastKnownFileType = sourcecode.c.h; path = SNMainTextField.h; sourceTree = "<group>"; };
		3CC62CA51AE1084D004D7C8D /* SNMainTextField.m */ = {isa = PBXFileReference; fileEncoding = 4; lastKnownFileType = sourcecode.c.objc; path = SNMainTextField.m; sourceTree = "<group>"; };
		3CE0C3DC1ADE586E00EF3358 /* SNEatAndBed.plist */ = {isa = PBXFileReference; fileEncoding = 4; lastKnownFileType = text.plist.xml; path = SNEatAndBed.plist; sourceTree = "<group>"; };
		3CE0C3DD1ADE586E00EF3358 /* SNHealthAndBeauty.plist */ = {isa = PBXFileReference; fileEncoding = 4; lastKnownFileType = text.plist.xml; path = SNHealthAndBeauty.plist; sourceTree = "<group>"; };
		3CE0C3DE1ADE586E00EF3358 /* SNMarket.plist */ = {isa = PBXFileReference; fileEncoding = 4; lastKnownFileType = text.plist.xml; path = SNMarket.plist; sourceTree = "<group>"; };
		3CEFF79E1ADB728C0055F2DB /* UIView+Frame.h */ = {isa = PBXFileReference; fileEncoding = 4; lastKnownFileType = sourcecode.c.h; path = "UIView+Frame.h"; sourceTree = "<group>"; };
		3CEFF79F1ADB728C0055F2DB /* UIView+Frame.m */ = {isa = PBXFileReference; fileEncoding = 4; lastKnownFileType = sourcecode.c.objc; path = "UIView+Frame.m"; sourceTree = "<group>"; };
		3CEFF7A11ADB95880055F2DB /* SNMainCellData.h */ = {isa = PBXFileReference; fileEncoding = 4; lastKnownFileType = sourcecode.c.h; path = SNMainCellData.h; sourceTree = "<group>"; };
		3CEFF7A21ADB95880055F2DB /* SNMainCellData.m */ = {isa = PBXFileReference; fileEncoding = 4; lastKnownFileType = sourcecode.c.objc; path = SNMainCellData.m; sourceTree = "<group>"; };
		3CEFF7A41ADB960F0055F2DB /* SNMainCell.h */ = {isa = PBXFileReference; fileEncoding = 4; lastKnownFileType = sourcecode.c.h; path = SNMainCell.h; sourceTree = "<group>"; };
		3CEFF7A51ADB960F0055F2DB /* SNMainCell.m */ = {isa = PBXFileReference; fileEncoding = 4; lastKnownFileType = sourcecode.c.objc; path = SNMainCell.m; sourceTree = "<group>"; };
/* End PBXFileReference section */

/* Begin PBXFrameworksBuildPhase section */
		3C49E6871ADB51490008085F /* Frameworks */ = {
			isa = PBXFrameworksBuildPhase;
			buildActionMask = 2147483647;
			files = (
			);
			runOnlyForDeploymentPostprocessing = 0;
		};
		3C49E6A01ADB51490008085F /* Frameworks */ = {
			isa = PBXFrameworksBuildPhase;
			buildActionMask = 2147483647;
			files = (
			);
			runOnlyForDeploymentPostprocessing = 0;
		};
/* End PBXFrameworksBuildPhase section */

/* Begin PBXGroup section */
		3C214BF01AE239F80064644A /* Details */ = {
			isa = PBXGroup;
			children = (
				3C214BF11AE239F80064644A /* Controller */,
				3C214BF21AE239F80064644A /* Model */,
				3C214BF31AE239F80064644A /* View */,
			);
			path = Details;
			sourceTree = "<group>";
		};
		3C214BF11AE239F80064644A /* Controller */ = {
			isa = PBXGroup;
			children = (
				3C214BF41AE23A170064644A /* SNDetailsViewController.h */,
				3C214BF51AE23A170064644A /* SNDetailsViewController.m */,
			);
			path = Controller;
			sourceTree = "<group>";
		};
		3C214BF21AE239F80064644A /* Model */ = {
			isa = PBXGroup;
			children = (
				3C214BF71AE2427A0064644A /* SNDetailsData.h */,
				3C214BF81AE2427A0064644A /* SNDetailsData.m */,
				3C214C031AE2A1850064644A /* SNDetailsModel.h */,
				3C214C041AE2A1850064644A /* SNDetailsModel.m */,
			);
			path = Model;
			sourceTree = "<group>";
		};
		3C214BF31AE239F80064644A /* View */ = {
			isa = PBXGroup;
			children = (
				3C214BFA1AE247C10064644A /* SNDetailsScrollView.h */,
				3C214BFB1AE247C10064644A /* SNDetailsScrollView.m */,
				3C214BFD1AE266550064644A /* SNGoodsDetailsView.h */,
				3C214BFE1AE266550064644A /* SNGoodsDetailsView.m */,
				3C214C001AE28B170064644A /* SNShopDetailsView.h */,
				3C214C011AE28B170064644A /* SNShopDetailsView.m */,
				3C214C061AE2A4E40064644A /* SNOtherGoodsView.h */,
				3C214C071AE2A4E40064644A /* SNOtherGoodsView.m */,
				3C214C091AE2A8070064644A /* SNOtherGoodsLabelView.h */,
				3C214C0A1AE2A8070064644A /* SNOtherGoodsLabelView.m */,
			);
			path = View;
			sourceTree = "<group>";
		};
		3C3474A21AE3ADDD009FBB68 /* MY */ = {
			isa = PBXGroup;
			children = (
				3C85F3C71AED0A8100481F0C /* CustomerOrder */,
				3C85F3851AECCA5E00481F0C /* CustomerCollection */,
				3C85F3831AECCA2700481F0C /* Model */,
				3C85F3841AECCA2700481F0C /* View */,
				3C3474A31AE3ADDD009FBB68 /* Controller */,
			);
			path = MY;
			sourceTree = "<group>";
		};
		3C3474A31AE3ADDD009FBB68 /* Controller */ = {
			isa = PBXGroup;
			children = (
				3C3474A61AE3ADF4009FBB68 /* SNMYViewController.h */,
				3C3474A71AE3ADF4009FBB68 /* SNMYViewController.m */,
			);
			path = Controller;
			sourceTree = "<group>";
		};
		3C49E6811ADB51490008085F = {
			isa = PBXGroup;
			children = (
				3C49E6B31ADB55710008085F /* SNCommunicate */,
				3C49E6A61ADB51490008085F /* SNCommunicateTests */,
				3C49E68B1ADB51490008085F /* Products */,
			);
			sourceTree = "<group>";
		};
		3C49E68B1ADB51490008085F /* Products */ = {
			isa = PBXGroup;
			children = (
				3C49E68A1ADB51490008085F /* SNCommunicate.app */,
				3C49E6A31ADB51490008085F /* SNCommunicateTests.xctest */,
			);
			name = Products;
			sourceTree = "<group>";
		};
		3C49E6A61ADB51490008085F /* SNCommunicateTests */ = {
			isa = PBXGroup;
			children = (
				3C49E6A91ADB51490008085F /* SNCommunicateTests.m */,
				3C49E6A71ADB51490008085F /* Supporting Files */,
			);
			path = SNCommunicateTests;
			sourceTree = "<group>";
		};
		3C49E6A71ADB51490008085F /* Supporting Files */ = {
			isa = PBXGroup;
			children = (
				3C49E6A81ADB51490008085F /* Info.plist */,
			);
			name = "Supporting Files";
			sourceTree = "<group>";
		};
		3C49E6B31ADB55710008085F /* SNCommunicate */ = {
			isa = PBXGroup;
			children = (
				3C49E6B41ADB55710008085F /* Class */,
				3C49E6C01ADB55710008085F /* Library */,
				3C49E7391ADB55B20008085F /* Info.plist */,
				3C49E7541ADB64C00008085F /* Images.xcassets */,
			);
			path = SNCommunicate;
			sourceTree = "<group>";
		};
		3C49E6B41ADB55710008085F /* Class */ = {
			isa = PBXGroup;
			children = (
				3C3474A21AE3ADDD009FBB68 /* MY */,
				3C49E73D1ADB588E0008085F /* Account */,
				3C214BF01AE239F80064644A /* Details */,
				3C782A911ADD142A00DD0FEC /* ThirdClass */,
				3C782A881ADD113500DD0FEC /* SecondClass */,
				3C49E74A1ADB61E20008085F /* SNMain */,
				3C49E6B51ADB55710008085F /* Main */,
				3C49E6BB1ADB55710008085F /* Other */,
			);
			path = Class;
			sourceTree = "<group>";
		};
		3C49E6B51ADB55710008085F /* Main */ = {
			isa = PBXGroup;
			children = (
				3C49E6B61ADB55710008085F /* Controller */,
				3C49E6B91ADB55710008085F /* Model */,
				3C49E6BA1ADB55710008085F /* View */,
			);
			path = Main;
			sourceTree = "<group>";
		};
		3C49E6B61ADB55710008085F /* Controller */ = {
			isa = PBXGroup;
			children = (
				3C49E6B71ADB55710008085F /* SNMainViewController.h */,
				3C49E6B81ADB55710008085F /* SNMainViewController.m */,
				3C49E7471ADB59E20008085F /* SNMainNavigationController.h */,
				3C49E7481ADB59E20008085F /* SNMainNavigationController.m */,
			);
			path = Controller;
			sourceTree = "<group>";
		};
		3C49E6B91ADB55710008085F /* Model */ = {
			isa = PBXGroup;
			children = (
				3C34749C1AE3922D009FBB68 /* SNUserModel.h */,
				3C34749D1AE3922D009FBB68 /* SNUserModel.m */,
			);
			path = Model;
			sourceTree = "<group>";
		};
		3C49E6BA1ADB55710008085F /* View */ = {
			isa = PBXGroup;
			children = (
				3CB68AF91AE78DBC0092E9F6 /* SNNullCell.h */,
				3CB68AFA1AE78DBC0092E9F6 /* SNNullCell.m */,
				3C49E7411ADB597E0008085F /* SNTabBar.h */,
				3C49E7421ADB597E0008085F /* SNTabBar.m */,
				3C49E7441ADB598F0008085F /* SNTabBarButton.h */,
				3C49E7451ADB598F0008085F /* SNTabBarButton.m */,
				3C782A811ADD0D4900DD0FEC /* SNMainTableView.h */,
				3C782A821ADD0D4900DD0FEC /* SNMainTableView.m */,
				3CC62CA41AE1084D004D7C8D /* SNMainTextField.h */,
				3CC62CA51AE1084D004D7C8D /* SNMainTextField.m */,
			);
			path = View;
			sourceTree = "<group>";
		};
		3C49E6BB1ADB55710008085F /* Other */ = {
			isa = PBXGroup;
			children = (
				3C782AA41ADD1BE800DD0FEC /* Tool */,
				3C49E7561ADB67B40008085F /* Category */,
				3C49E6BC1ADB55710008085F /* AppDelegate.h */,
				3C49E6BD1ADB55710008085F /* AppDelegate.m */,
				3C49E6BF1ADB55710008085F /* main.m */,
				3C49E7661ADB68030008085F /* Global.pch */,
				3C782A801ADD0BF100DD0FEC /* Define.h */,
			);
			path = Other;
			sourceTree = "<group>";
		};
		3C49E6C01ADB55710008085F /* Library */ = {
			isa = PBXGroup;
			children = (
				3C71E88E1AE3785900056A7C /* Reachability */,
				3CC62CA01AE0EE22004D7C8D /* SNProgressHUD */,
				3C782AA81ADD380E00DD0FEC /* MJExtension */,
				3C49E75D1ADB67C40008085F /* MBProgressHUD */,
				3C49E6C11ADB55710008085F /* AFNetworking */,
				3C49E6D51ADB55710008085F /* MJRefresh */,
				3C49E6EE1ADB55710008085F /* SDWebImage */,
			);
			path = Library;
			sourceTree = "<group>";
		};
		3C49E6C11ADB55710008085F /* AFNetworking */ = {
			isa = PBXGroup;
			children = (
				3C49E6C21ADB55710008085F /* AFHTTPRequestOperation.h */,
				3C49E6C31ADB55710008085F /* AFHTTPRequestOperation.m */,
				3C49E6C41ADB55710008085F /* AFHTTPRequestOperationManager.h */,
				3C49E6C51ADB55710008085F /* AFHTTPRequestOperationManager.m */,
				3C49E6C61ADB55710008085F /* AFHTTPSessionManager.h */,
				3C49E6C71ADB55710008085F /* AFHTTPSessionManager.m */,
				3C49E6C81ADB55710008085F /* AFNetworking.h */,
				3C49E6C91ADB55710008085F /* AFNetworkReachabilityManager.h */,
				3C49E6CA1ADB55710008085F /* AFNetworkReachabilityManager.m */,
				3C49E6CB1ADB55710008085F /* AFSecurityPolicy.h */,
				3C49E6CC1ADB55710008085F /* AFSecurityPolicy.m */,
				3C49E6CD1ADB55710008085F /* AFURLConnectionOperation.h */,
				3C49E6CE1ADB55710008085F /* AFURLConnectionOperation.m */,
				3C49E6CF1ADB55710008085F /* AFURLRequestSerialization.h */,
				3C49E6D01ADB55710008085F /* AFURLRequestSerialization.m */,
				3C49E6D11ADB55710008085F /* AFURLResponseSerialization.h */,
				3C49E6D21ADB55710008085F /* AFURLResponseSerialization.m */,
				3C49E6D31ADB55710008085F /* AFURLSessionManager.h */,
				3C49E6D41ADB55710008085F /* AFURLSessionManager.m */,
			);
			path = AFNetworking;
			sourceTree = "<group>";
		};
		3C49E6D51ADB55710008085F /* MJRefresh */ = {
			isa = PBXGroup;
			children = (
				3C49E6D61ADB55710008085F /* MJRefresh.bundle */,
				3C49E6D71ADB55710008085F /* MJRefresh.h */,
				3C49E6D81ADB55710008085F /* MJRefreshComponent.h */,
				3C49E6D91ADB55710008085F /* MJRefreshComponent.m */,
				3C49E6DA1ADB55710008085F /* MJRefreshConst.h */,
				3C49E6DB1ADB55710008085F /* MJRefreshConst.m */,
				3C49E6DC1ADB55710008085F /* MJRefreshFooter.h */,
				3C49E6DD1ADB55710008085F /* MJRefreshFooter.m */,
				3C49E6DE1ADB55710008085F /* MJRefreshGifFooter.h */,
				3C49E6DF1ADB55710008085F /* MJRefreshGifFooter.m */,
				3C49E6E01ADB55710008085F /* MJRefreshGifHeader.h */,
				3C49E6E11ADB55710008085F /* MJRefreshGifHeader.m */,
				3C49E6E21ADB55710008085F /* MJRefreshHeader.h */,
				3C49E6E31ADB55710008085F /* MJRefreshHeader.m */,
				3C49E6E41ADB55710008085F /* MJRefreshLegendFooter.h */,
				3C49E6E51ADB55710008085F /* MJRefreshLegendFooter.m */,
				3C49E6E61ADB55710008085F /* MJRefreshLegendHeader.h */,
				3C49E6E71ADB55710008085F /* MJRefreshLegendHeader.m */,
				3C49E6E81ADB55710008085F /* UIScrollView+MJExtension.h */,
				3C49E6E91ADB55710008085F /* UIScrollView+MJExtension.m */,
				3C49E6EA1ADB55710008085F /* UIScrollView+MJRefresh.h */,
				3C49E6EB1ADB55710008085F /* UIScrollView+MJRefresh.m */,
				3C49E6EC1ADB55710008085F /* UIView+MJExtension.h */,
				3C49E6ED1ADB55710008085F /* UIView+MJExtension.m */,
			);
			path = MJRefresh;
			sourceTree = "<group>";
		};
		3C49E6EE1ADB55710008085F /* SDWebImage */ = {
			isa = PBXGroup;
			children = (
				3C49E6EF1ADB55710008085F /* MKAnnotationView+WebCache.h */,
				3C49E6F01ADB55710008085F /* MKAnnotationView+WebCache.m */,
				3C49E6F11ADB55710008085F /* NSData+ImageContentType.h */,
				3C49E6F21ADB55710008085F /* NSData+ImageContentType.m */,
				3C49E6F31ADB55710008085F /* SDImageCache.h */,
				3C49E6F41ADB55710008085F /* SDImageCache.m */,
				3C49E6F51ADB55710008085F /* SDWebImageCompat.h */,
				3C49E6F61ADB55710008085F /* SDWebImageCompat.m */,
				3C49E6F71ADB55710008085F /* SDWebImageDecoder.h */,
				3C49E6F81ADB55710008085F /* SDWebImageDecoder.m */,
				3C49E6F91ADB55710008085F /* SDWebImageDownloader.h */,
				3C49E6FA1ADB55710008085F /* SDWebImageDownloader.m */,
				3C49E6FB1ADB55710008085F /* SDWebImageDownloaderOperation.h */,
				3C49E6FC1ADB55710008085F /* SDWebImageDownloaderOperation.m */,
				3C49E6FD1ADB55710008085F /* SDWebImageManager.h */,
				3C49E6FE1ADB55710008085F /* SDWebImageManager.m */,
				3C49E6FF1ADB55710008085F /* SDWebImageOperation.h */,
				3C49E7001ADB55710008085F /* SDWebImagePrefetcher.h */,
				3C49E7011ADB55710008085F /* SDWebImagePrefetcher.m */,
				3C49E7021ADB55710008085F /* UIButton+WebCache.h */,
				3C49E7031ADB55710008085F /* UIButton+WebCache.m */,
				3C49E7041ADB55710008085F /* UIImage+GIF.h */,
				3C49E7051ADB55710008085F /* UIImage+GIF.m */,
				3C49E7061ADB55710008085F /* UIImage+MultiFormat.h */,
				3C49E7071ADB55710008085F /* UIImage+MultiFormat.m */,
				3C49E7081ADB55710008085F /* UIImage+WebP.h */,
				3C49E7091ADB55710008085F /* UIImage+WebP.m */,
				3C49E70A1ADB55710008085F /* UIImageView+HighlightedWebCache.h */,
				3C49E70B1ADB55710008085F /* UIImageView+HighlightedWebCache.m */,
				3C49E70C1ADB55710008085F /* UIImageView+WebCache.h */,
				3C49E70D1ADB55710008085F /* UIImageView+WebCache.m */,
				3C49E70E1ADB55710008085F /* UIView+WebCacheOperation.h */,
				3C49E70F1ADB55710008085F /* UIView+WebCacheOperation.m */,
			);
			path = SDWebImage;
			sourceTree = "<group>";
		};
		3C49E73D1ADB588E0008085F /* Account */ = {
			isa = PBXGroup;
			children = (
				3C85F3811AECCA0E00481F0C /* Model */,
				3C85F3821AECCA0E00481F0C /* View */,
				3C49E73E1ADB588E0008085F /* Controller */,
			);
			path = Account;
			sourceTree = "<group>";
		};
		3C49E73E1ADB588E0008085F /* Controller */ = {
			isa = PBXGroup;
			children = (
				3C49E74E1ADB62070008085F /* SNAccountViewController.h */,
				3C49E74F1ADB62070008085F /* SNAccountViewController.m */,
				3C5698DD1ADE942500743E35 /* SNAccountViewController.storyboard */,
				3C80A4A41ADFE0E900E9AE0B /* SNRegisterViewController.h */,
				3C80A4A51ADFE0E900E9AE0B /* SNRegisterViewController.m */,
			);
			path = Controller;
			sourceTree = "<group>";
		};
		3C49E74A1ADB61E20008085F /* SNMain */ = {
			isa = PBXGroup;
			children = (
				3C49E74B1ADB61E20008085F /* Controller */,
				3C49E74C1ADB61E20008085F /* Model */,
				3C49E74D1ADB61E20008085F /* View */,
			);
			path = SNMain;
			sourceTree = "<group>";
		};
		3C49E74B1ADB61E20008085F /* Controller */ = {
			isa = PBXGroup;
			children = (
				3C49E7511ADB62380008085F /* SNCommunicateMainViewController.h */,
				3C49E7521ADB62380008085F /* SNCommunicateMainViewController.m */,
			);
			path = Controller;
			sourceTree = "<group>";
		};
		3C49E74C1ADB61E20008085F /* Model */ = {
			isa = PBXGroup;
			children = (
				3CEFF7A11ADB95880055F2DB /* SNMainCellData.h */,
				3CEFF7A21ADB95880055F2DB /* SNMainCellData.m */,
			);
			path = Model;
			sourceTree = "<group>";
		};
		3C49E74D1ADB61E20008085F /* View */ = {
			isa = PBXGroup;
			children = (
				3CEFF7A41ADB960F0055F2DB /* SNMainCell.h */,
				3CEFF7A51ADB960F0055F2DB /* SNMainCell.m */,
			);
			path = View;
			sourceTree = "<group>";
		};
		3C49E7561ADB67B40008085F /* Category */ = {
			isa = PBXGroup;
			children = (
				3CC62C9A1AE0ECC0004D7C8D /* UIViewController+SNCommon.h */,
				3CC62C9B1AE0ECC0004D7C8D /* UIViewController+SNCommon.m */,
				3CEFF79E1ADB728C0055F2DB /* UIView+Frame.h */,
				3CEFF79F1ADB728C0055F2DB /* UIView+Frame.m */,
				3C49E7571ADB67B40008085F /* UIImage+Tool.h */,
				3C49E7581ADB67B40008085F /* UIImage+Tool.m */,
			);
			path = Category;
			sourceTree = "<group>";
		};
		3C49E75D1ADB67C40008085F /* MBProgressHUD */ = {
			isa = PBXGroup;
			children = (
				3C49E75E1ADB67C40008085F /* MBProgressHUD+MJ.h */,
				3C49E75F1ADB67C40008085F /* MBProgressHUD+MJ.m */,
				3C49E7601ADB67C40008085F /* MBProgressHUD.bundle */,
				3C49E7611ADB67C40008085F /* MBProgressHUD.h */,
				3C49E7621ADB67C40008085F /* MBProgressHUD.m */,
			);
			path = MBProgressHUD;
			sourceTree = "<group>";
		};
		3C71E88E1AE3785900056A7C /* Reachability */ = {
			isa = PBXGroup;
			children = (
				3C71E88F1AE3785900056A7C /* LICENCE.txt */,
				3C71E8901AE3785900056A7C /* Reachability.h */,
				3C71E8911AE3785900056A7C /* Reachability.m */,
				3C71E8921AE3785900056A7C /* README.md */,
			);
			path = Reachability;
			sourceTree = "<group>";
		};
		3C782A881ADD113500DD0FEC /* SecondClass */ = {
			isa = PBXGroup;
			children = (
				3C782A891ADD113500DD0FEC /* Controller */,
				3C782A8C1ADD113500DD0FEC /* Model */,
				3C782A8E1ADD113500DD0FEC /* View */,
			);
			path = SecondClass;
			sourceTree = "<group>";
		};
		3C782A891ADD113500DD0FEC /* Controller */ = {
			isa = PBXGroup;
			children = (
				3C782A8A1ADD113500DD0FEC /* SNSecondClassViewController.h */,
				3C782A8B1ADD113500DD0FEC /* SNSecondClassViewController.m */,
			);
			path = Controller;
			sourceTree = "<group>";
		};
		3C782A8C1ADD113500DD0FEC /* Model */ = {
			isa = PBXGroup;
			children = (
				3C782A9E1ADD17AB00DD0FEC /* SNSecondCellData.h */,
				3C782A9F1ADD17AB00DD0FEC /* SNSecondCellData.m */,
				3C782A8D1ADD113500DD0FEC /* SNEntertainment.plist */,
				3CE0C3DC1ADE586E00EF3358 /* SNEatAndBed.plist */,
				3CE0C3DD1ADE586E00EF3358 /* SNHealthAndBeauty.plist */,
				3CE0C3DE1ADE586E00EF3358 /* SNMarket.plist */,
			);
			path = Model;
			sourceTree = "<group>";
		};
		3C782A8E1ADD113500DD0FEC /* View */ = {
			isa = PBXGroup;
			children = (
				3C782A9B1ADD176E00DD0FEC /* SNSecondClassCell.h */,
				3C782A9C1ADD176E00DD0FEC /* SNSecondClassCell.m */,
			);
			path = View;
			sourceTree = "<group>";
		};
		3C782A911ADD142A00DD0FEC /* ThirdClass */ = {
			isa = PBXGroup;
			children = (
				3C782A921ADD142A00DD0FEC /* Controller */,
				3C782A931ADD142A00DD0FEC /* Model */,
				3C782A941ADD142A00DD0FEC /* View */,
			);
			path = ThirdClass;
			sourceTree = "<group>";
		};
		3C782A921ADD142A00DD0FEC /* Controller */ = {
			isa = PBXGroup;
			children = (
				3C782A951ADD147600DD0FEC /* SNThirdClassViewController.h */,
				3C782A961ADD147600DD0FEC /* SNThirdClassViewController.m */,
			);
			path = Controller;
			sourceTree = "<group>";
		};
		3C782A931ADD142A00DD0FEC /* Model */ = {
			isa = PBXGroup;
			children = (
				3C782AA11ADD188700DD0FEC /* SNShopData.h */,
				3C782AA21ADD188700DD0FEC /* SNShopData.m */,
				3C782ACB1ADD398900DD0FEC /* SNThirdCellData.h */,
				3C782ACC1ADD398900DD0FEC /* SNThirdCellData.m */,
			);
			path = Model;
			sourceTree = "<group>";
		};
		3C782A941ADD142A00DD0FEC /* View */ = {
			isa = PBXGroup;
			children = (
				3C782A981ADD174A00DD0FEC /* SNThirdClassCell.h */,
				3C782A991ADD174A00DD0FEC /* SNThirdClassCell.m */,
			);
			path = View;
			sourceTree = "<group>";
		};
		3C782AA41ADD1BE800DD0FEC /* Tool */ = {
			isa = PBXGroup;
			children = (
				3C782AA51ADD1BF400DD0FEC /* SNHttpTool.h */,
				3C782AA61ADD1BF400DD0FEC /* SNHttpTool.m */,
				3C71E88B1AE3723300056A7C /* SNNetManger.h */,
				3C71E88C1AE3723300056A7C /* SNNetManger.m */,
				3C34749F1AE39835009FBB68 /* SNArchiverManger.h */,
				3C3474A01AE39835009FBB68 /* SNArchiverManger.m */,
			);
			path = Tool;
			sourceTree = "<group>";
		};
		3C782AA81ADD380E00DD0FEC /* MJExtension */ = {
			isa = PBXGroup;
			children = (
				3C782AA91ADD380E00DD0FEC /* MJArgument.h */,
				3C782AAA1ADD380E00DD0FEC /* MJArgument.m */,
				3C782AAB1ADD380E00DD0FEC /* MJConst.h */,
				3C782AAC1ADD380E00DD0FEC /* MJConst.m */,
				3C782AAD1ADD380E00DD0FEC /* MJExtension.h */,
				3C782AAE1ADD380E00DD0FEC /* MJFoundation.h */,
				3C782AAF1ADD380E00DD0FEC /* MJFoundation.m */,
				3C782AB01ADD380E00DD0FEC /* MJIvar.h */,
				3C782AB11ADD380E00DD0FEC /* MJIvar.m */,
				3C782AB21ADD380E00DD0FEC /* MJMember.h */,
				3C782AB31ADD380E00DD0FEC /* MJMember.m */,
				3C782AB41ADD380E00DD0FEC /* MJMethod.h */,
				3C782AB51ADD380E00DD0FEC /* MJMethod.m */,
				3C782AB61ADD380E00DD0FEC /* MJType.h */,
				3C782AB71ADD380E00DD0FEC /* MJType.m */,
				3C782AB81ADD380E00DD0FEC /* MJTypeEncoding.h */,
				3C782AB91ADD380E00DD0FEC /* MJTypeEncoding.m */,
				3C782ABA1ADD380E00DD0FEC /* NSObject+MJCoding.h */,
				3C782ABB1ADD380E00DD0FEC /* NSObject+MJCoding.m */,
				3C782ABC1ADD380E00DD0FEC /* NSObject+MJKeyValue.h */,
				3C782ABD1ADD380E00DD0FEC /* NSObject+MJKeyValue.m */,
				3C782ABE1ADD380E00DD0FEC /* NSObject+MJMember.h */,
				3C782ABF1ADD380E00DD0FEC /* NSObject+MJMember.m */,
			);
			path = MJExtension;
			sourceTree = "<group>";
		};
		3C85F3811AECCA0E00481F0C /* Model */ = {
			isa = PBXGroup;
			children = (
			);
			path = Model;
			sourceTree = "<group>";
		};
		3C85F3821AECCA0E00481F0C /* View */ = {
			isa = PBXGroup;
			children = (
			);
			path = View;
			sourceTree = "<group>";
		};
		3C85F3831AECCA2700481F0C /* Model */ = {
			isa = PBXGroup;
			children = (
			);
			path = Model;
			sourceTree = "<group>";
		};
		3C85F3841AECCA2700481F0C /* View */ = {
			isa = PBXGroup;
			children = (
			);
			path = View;
			sourceTree = "<group>";
		};
		3C85F3851AECCA5E00481F0C /* CustomerCollection */ = {
			isa = PBXGroup;
			children = (
				3C85F3861AECCA5E00481F0C /* Controller */,
				3C85F3871AECCA5E00481F0C /* Model */,
				3C85F3881AECCA5E00481F0C /* View */,
			);
			path = CustomerCollection;
			sourceTree = "<group>";
		};
		3C85F3861AECCA5E00481F0C /* Controller */ = {
			isa = PBXGroup;
			children = (
				3C85F3891AECCA8400481F0C /* SNCustomerCollectionViewController.h */,
				3C85F38A1AECCA8400481F0C /* SNCustomerCollectionViewController.m */,
			);
			path = Controller;
			sourceTree = "<group>";
		};
		3C85F3871AECCA5E00481F0C /* Model */ = {
			isa = PBXGroup;
			children = (
				3C85F38C1AECD5D100481F0C /* SNCustomerCollect.h */,
				3C85F38D1AECD5D100481F0C /* SNCustomerCollect.m */,
				3C85F38F1AECD5DF00481F0C /* SNCustomerCollectModel.h */,
				3C85F3901AECD5DF00481F0C /* SNCustomerCollectModel.m */,
			);
			path = Model;
			sourceTree = "<group>";
		};
		3C85F3881AECCA5E00481F0C /* View */ = {
			isa = PBXGroup;
			children = (
			);
			path = View;
			sourceTree = "<group>";
		};
		3C85F3C71AED0A8100481F0C /* CustomerOrder */ = {
			isa = PBXGroup;
			children = (
				3C85F3C81AED0A8100481F0C /* Controller */,
				3C85F3C91AED0A8100481F0C /* Model */,
				3C85F3CA1AED0A8100481F0C /* View */,
			);
			path = CustomerOrder;
			sourceTree = "<group>";
		};
		3C85F3C81AED0A8100481F0C /* Controller */ = {
			isa = PBXGroup;
			children = (
				3C85F3CB1AED0A9800481F0C /* SNCustomerOrderViewController.h */,
				3C85F3CC1AED0A9800481F0C /* SNCustomerOrderViewController.m */,
			);
			path = Controller;
			sourceTree = "<group>";
		};
		3C85F3C91AED0A8100481F0C /* Model */ = {
			isa = PBXGroup;
			children = (
				3C85F3CE1AED148C00481F0C /* SNCustomerOrder.h */,
				3C85F3CF1AED148C00481F0C /* SNCustomerOrder.m */,
				3C85F3D11AED14D600481F0C /* SNCustomerOrderModel.h */,
				3C85F3D21AED14D600481F0C /* SNCustomerOrderModel.m */,
			);
			path = Model;
			sourceTree = "<group>";
		};
		3C85F3CA1AED0A8100481F0C /* View */ = {
			isa = PBXGroup;
			children = (
				3C85F3D41AED168500481F0C /* SNCustomerOrderCell.h */,
				3C85F3D51AED168500481F0C /* SNCustomerOrderCell.m */,
			);
			path = View;
			sourceTree = "<group>";
		};
		3CC62CA01AE0EE22004D7C8D /* SNProgressHUD */ = {
			isa = PBXGroup;
			children = (
				3CC62CA11AE0EE22004D7C8D /* SNProgressHUD.h */,
				3CC62CA21AE0EE22004D7C8D /* SNProgressHUD.m */,
			);
			path = SNProgressHUD;
			sourceTree = "<group>";
		};
/* End PBXGroup section */

/* Begin PBXNativeTarget section */
		3C49E6891ADB51490008085F /* SNCommunicate */ = {
			isa = PBXNativeTarget;
			buildConfigurationList = 3C49E6AD1ADB51490008085F /* Build configuration list for PBXNativeTarget "SNCommunicate" */;
			buildPhases = (
				3C49E6861ADB51490008085F /* Sources */,
				3C49E6871ADB51490008085F /* Frameworks */,
				3C49E6881ADB51490008085F /* Resources */,
			);
			buildRules = (
			);
			dependencies = (
			);
			name = SNCommunicate;
			productName = SNCommunicate;
			productReference = 3C49E68A1ADB51490008085F /* SNCommunicate.app */;
			productType = "com.apple.product-type.application";
		};
		3C49E6A21ADB51490008085F /* SNCommunicateTests */ = {
			isa = PBXNativeTarget;
			buildConfigurationList = 3C49E6B01ADB51490008085F /* Build configuration list for PBXNativeTarget "SNCommunicateTests" */;
			buildPhases = (
				3C49E69F1ADB51490008085F /* Sources */,
				3C49E6A01ADB51490008085F /* Frameworks */,
				3C49E6A11ADB51490008085F /* Resources */,
			);
			buildRules = (
			);
			dependencies = (
				3C49E6A51ADB51490008085F /* PBXTargetDependency */,
			);
			name = SNCommunicateTests;
			productName = SNCommunicateTests;
			productReference = 3C49E6A31ADB51490008085F /* SNCommunicateTests.xctest */;
			productType = "com.apple.product-type.bundle.unit-test";
		};
/* End PBXNativeTarget section */

/* Begin PBXProject section */
		3C49E6821ADB51490008085F /* Project object */ = {
			isa = PBXProject;
			attributes = {
				CLASSPREFIX = SN;
				LastUpgradeCheck = 0610;
				ORGANIZATIONNAME = ZhuiYi;
				TargetAttributes = {
					3C49E6891ADB51490008085F = {
						CreatedOnToolsVersion = 6.1;
					};
					3C49E6A21ADB51490008085F = {
						CreatedOnToolsVersion = 6.1;
						TestTargetID = 3C49E6891ADB51490008085F;
					};
				};
			};
			buildConfigurationList = 3C49E6851ADB51490008085F /* Build configuration list for PBXProject "SNCommunicate" */;
			compatibilityVersion = "Xcode 3.2";
			developmentRegion = English;
			hasScannedForEncodings = 0;
			knownRegions = (
				en,
				Base,
			);
			mainGroup = 3C49E6811ADB51490008085F;
			productRefGroup = 3C49E68B1ADB51490008085F /* Products */;
			projectDirPath = "";
			projectRoot = "";
			targets = (
				3C49E6891ADB51490008085F /* SNCommunicate */,
				3C49E6A21ADB51490008085F /* SNCommunicateTests */,
			);
		};
/* End PBXProject section */

/* Begin PBXResourcesBuildPhase section */
		3C49E6881ADB51490008085F /* Resources */ = {
			isa = PBXResourcesBuildPhase;
			buildActionMask = 2147483647;
			files = (
				3C71E8931AE3785900056A7C /* LICENCE.txt in Resources */,
				3C782A901ADD113500DD0FEC /* SNEntertainment.plist in Resources */,
				3C5698DE1ADE942500743E35 /* SNAccountViewController.storyboard in Resources */,
				3C49E7551ADB64C00008085F /* Images.xcassets in Resources */,
				3C49E7641ADB67C40008085F /* MBProgressHUD.bundle in Resources */,
				3C49E73A1ADB55B20008085F /* Info.plist in Resources */,
				3CE0C3DF1ADE586E00EF3358 /* SNEatAndBed.plist in Resources */,
				3CE0C3E11ADE586E00EF3358 /* SNMarket.plist in Resources */,
				3CE0C3E01ADE586E00EF3358 /* SNHealthAndBeauty.plist in Resources */,
				3C49E71D1ADB55710008085F /* MJRefresh.bundle in Resources */,
			);
			runOnlyForDeploymentPostprocessing = 0;
		};
		3C49E6A11ADB51490008085F /* Resources */ = {
			isa = PBXResourcesBuildPhase;
			buildActionMask = 2147483647;
			files = (
			);
			runOnlyForDeploymentPostprocessing = 0;
		};
/* End PBXResourcesBuildPhase section */

/* Begin PBXSourcesBuildPhase section */
		3C49E6861ADB51490008085F /* Sources */ = {
			isa = PBXSourcesBuildPhase;
			buildActionMask = 2147483647;
			files = (
				3C782AC01ADD380E00DD0FEC /* MJArgument.m in Sources */,
				3C49E72D1ADB55710008085F /* SDWebImageDecoder.m in Sources */,
				3C49E7501ADB62070008085F /* SNAccountViewController.m in Sources */,
				3C49E7461ADB598F0008085F /* SNTabBarButton.m in Sources */,
				3C782AC41ADD380E00DD0FEC /* MJMember.m in Sources */,
				3C85F38E1AECD5D100481F0C /* SNCustomerCollect.m in Sources */,
				3C782AA31ADD188700DD0FEC /* SNShopData.m in Sources */,
				3C49E7381ADB55710008085F /* UIView+WebCacheOperation.m in Sources */,
				3C782AA01ADD17AB00DD0FEC /* SNSecondCellData.m in Sources */,
				3C782ACD1ADD398900DD0FEC /* SNThirdCellData.m in Sources */,
				3C782AC21ADD380E00DD0FEC /* MJFoundation.m in Sources */,
				3C782AC31ADD380E00DD0FEC /* MJIvar.m in Sources */,
				3C49E7221ADB55710008085F /* MJRefreshGifHeader.m in Sources */,
				3C214C051AE2A1850064644A /* SNDetailsModel.m in Sources */,
				3C49E7301ADB55710008085F /* SDWebImageManager.m in Sources */,
				3C49E7141ADB55710008085F /* AFHTTPRequestOperation.m in Sources */,
				3C49E7111ADB55710008085F /* AppDelegate.m in Sources */,
				3C49E7281ADB55710008085F /* UIView+MJExtension.m in Sources */,
				3C49E72C1ADB55710008085F /* SDWebImageCompat.m in Sources */,
				3C782AC61ADD380E00DD0FEC /* MJType.m in Sources */,
				3C49E72F1ADB55710008085F /* SDWebImageDownloaderOperation.m in Sources */,
				3C85F3D01AED148C00481F0C /* SNCustomerOrder.m in Sources */,
				3CC62CA61AE1084D004D7C8D /* SNMainTextField.m in Sources */,
				3CB68AFB1AE78DBC0092E9F6 /* SNNullCell.m in Sources */,
				3C782A8F1ADD113500DD0FEC /* SNSecondClassViewController.m in Sources */,
				3C49E7151ADB55710008085F /* AFHTTPRequestOperationManager.m in Sources */,
				3C49E7431ADB597E0008085F /* SNTabBar.m in Sources */,
				3C49E7171ADB55710008085F /* AFNetworkReachabilityManager.m in Sources */,
				3C49E7371ADB55710008085F /* UIImageView+WebCache.m in Sources */,
				3C49E71B1ADB55710008085F /* AFURLResponseSerialization.m in Sources */,
				3C782AC91ADD380E00DD0FEC /* NSObject+MJKeyValue.m in Sources */,
				3C85F3D61AED168500481F0C /* SNCustomerOrderCell.m in Sources */,
				3C3474A11AE39835009FBB68 /* SNArchiverManger.m in Sources */,
				3C49E7191ADB55710008085F /* AFURLConnectionOperation.m in Sources */,
				3CEFF7A61ADB960F0055F2DB /* SNMainCell.m in Sources */,
				3C49E7181ADB55710008085F /* AFSecurityPolicy.m in Sources */,
				3C49E7361ADB55710008085F /* UIImageView+HighlightedWebCache.m in Sources */,
				3C214C0B1AE2A8070064644A /* SNOtherGoodsLabelView.m in Sources */,
				3C782A9D1ADD176E00DD0FEC /* SNSecondClassCell.m in Sources */,
				3C85F3CD1AED0A9800481F0C /* SNCustomerOrderViewController.m in Sources */,
				3C49E7161ADB55710008085F /* AFHTTPSessionManager.m in Sources */,
				3C782AC51ADD380E00DD0FEC /* MJMethod.m in Sources */,
				3C214BF61AE23A170064644A /* SNDetailsViewController.m in Sources */,
				3C3474A81AE3ADF4009FBB68 /* SNMYViewController.m in Sources */,
				3C782AC71ADD380E00DD0FEC /* MJTypeEncoding.m in Sources */,
				3C49E7261ADB55710008085F /* UIScrollView+MJExtension.m in Sources */,
				3C214BFC1AE247C10064644A /* SNDetailsScrollView.m in Sources */,
				3C782ACA1ADD380E00DD0FEC /* NSObject+MJMember.m in Sources */,
				3C49E71E1ADB55710008085F /* MJRefreshComponent.m in Sources */,
				3C214C081AE2A4E40064644A /* SNOtherGoodsView.m in Sources */,
				3C214BFF1AE266550064644A /* SNGoodsDetailsView.m in Sources */,
				3C49E7331ADB55710008085F /* UIImage+GIF.m in Sources */,
				3C214C021AE28B170064644A /* SNShopDetailsView.m in Sources */,
				3C85F3D31AED14D600481F0C /* SNCustomerOrderModel.m in Sources */,
				3C49E7341ADB55710008085F /* UIImage+MultiFormat.m in Sources */,
				3CEFF7A01ADB728C0055F2DB /* UIView+Frame.m in Sources */,
				3CEFF7A31ADB95880055F2DB /* SNMainCellData.m in Sources */,
				3C49E7491ADB59E20008085F /* SNMainNavigationController.m in Sources */,
				3C782AA71ADD1BF400DD0FEC /* SNHttpTool.m in Sources */,
				3C782AC11ADD380E00DD0FEC /* MJConst.m in Sources */,
				3C214BF91AE2427A0064644A /* SNDetailsData.m in Sources */,
				3C49E71A1ADB55710008085F /* AFURLRequestSerialization.m in Sources */,
				3C71E88D1AE3723300056A7C /* SNNetManger.m in Sources */,
				3C49E7531ADB62380008085F /* SNCommunicateMainViewController.m in Sources */,
				3C49E7351ADB55710008085F /* UIImage+WebP.m in Sources */,
				3C49E7311ADB55710008085F /* SDWebImagePrefetcher.m in Sources */,
				3C49E7271ADB55710008085F /* UIScrollView+MJRefresh.m in Sources */,
				3C49E7651ADB67C40008085F /* MBProgressHUD.m in Sources */,
				3CC62CA31AE0EE22004D7C8D /* SNProgressHUD.m in Sources */,
				3C49E7211ADB55710008085F /* MJRefreshGifFooter.m in Sources */,
				3C49E71F1ADB55710008085F /* MJRefreshConst.m in Sources */,
				3C49E7231ADB55710008085F /* MJRefreshHeader.m in Sources */,
				3C49E7291ADB55710008085F /* MKAnnotationView+WebCache.m in Sources */,
				3C71E8951AE3785900056A7C /* README.md in Sources */,
				3C49E71C1ADB55710008085F /* AFURLSessionManager.m in Sources */,
				3C49E72E1ADB55710008085F /* SDWebImageDownloader.m in Sources */,
				3C782A9A1ADD174A00DD0FEC /* SNThirdClassCell.m in Sources */,
				3C49E7321ADB55710008085F /* UIButton+WebCache.m in Sources */,
				3C49E7631ADB67C40008085F /* MBProgressHUD+MJ.m in Sources */,
				3C49E7241ADB55710008085F /* MJRefreshLegendFooter.m in Sources */,
				3C782AC81ADD380E00DD0FEC /* NSObject+MJCoding.m in Sources */,
				3C49E72A1ADB55710008085F /* NSData+ImageContentType.m in Sources */,
				3C49E7251ADB55710008085F /* MJRefreshLegendHeader.m in Sources */,
				3CC62C9C1AE0ECC0004D7C8D /* UIViewController+SNCommon.m in Sources */,
				3C34749E1AE3922D009FBB68 /* SNUserModel.m in Sources */,
				3C49E7131ADB55710008085F /* main.m in Sources */,
				3C49E72B1ADB55710008085F /* SDImageCache.m in Sources */,
				3C80A4A61ADFE0E900E9AE0B /* SNRegisterViewController.m in Sources */,
				3C49E75B1ADB67B40008085F /* UIImage+Tool.m in Sources */,
				3C49E7101ADB55710008085F /* SNMainViewController.m in Sources */,
				3C49E7201ADB55710008085F /* MJRefreshFooter.m in Sources */,
				3C782A831ADD0D4900DD0FEC /* SNMainTableView.m in Sources */,
				3C782A971ADD147600DD0FEC /* SNThirdClassViewController.m in Sources */,
				3C85F3911AECD5DF00481F0C /* SNCustomerCollectModel.m in Sources */,
				3C71E8941AE3785900056A7C /* Reachability.m in Sources */,
				3C85F38B1AECCA8400481F0C /* SNCustomerCollectionViewController.m in Sources */,
			);
			runOnlyForDeploymentPostprocessing = 0;
		};
		3C49E69F1ADB51490008085F /* Sources */ = {
			isa = PBXSourcesBuildPhase;
			buildActionMask = 2147483647;
			files = (
				3C49E6AA1ADB51490008085F /* SNCommunicateTests.m in Sources */,
			);
			runOnlyForDeploymentPostprocessing = 0;
		};
/* End PBXSourcesBuildPhase section */

/* Begin PBXTargetDependency section */
		3C49E6A51ADB51490008085F /* PBXTargetDependency */ = {
			isa = PBXTargetDependency;
			target = 3C49E6891ADB51490008085F /* SNCommunicate */;
			targetProxy = 3C49E6A41ADB51490008085F /* PBXContainerItemProxy */;
		};
/* End PBXTargetDependency section */

/* Begin XCBuildConfiguration section */
		3C49E6AB1ADB51490008085F /* Debug */ = {
			isa = XCBuildConfiguration;
			buildSettings = {
				ALWAYS_SEARCH_USER_PATHS = NO;
				CLANG_CXX_LANGUAGE_STANDARD = "gnu++0x";
				CLANG_CXX_LIBRARY = "libc++";
				CLANG_ENABLE_MODULES = YES;
				CLANG_ENABLE_OBJC_ARC = YES;
				CLANG_WARN_BOOL_CONVERSION = YES;
				CLANG_WARN_CONSTANT_CONVERSION = YES;
				CLANG_WARN_DIRECT_OBJC_ISA_USAGE = YES_ERROR;
				CLANG_WARN_EMPTY_BODY = YES;
				CLANG_WARN_ENUM_CONVERSION = YES;
				CLANG_WARN_INT_CONVERSION = YES;
				CLANG_WARN_OBJC_ROOT_CLASS = YES_ERROR;
				CLANG_WARN_UNREACHABLE_CODE = YES;
				CLANG_WARN__DUPLICATE_METHOD_MATCH = YES;
				CODE_SIGN_IDENTITY = "";
				"CODE_SIGN_IDENTITY[sdk=iphoneos*]" = "";
				COPY_PHASE_STRIP = NO;
				ENABLE_STRICT_OBJC_MSGSEND = YES;
				GCC_C_LANGUAGE_STANDARD = gnu99;
				GCC_DYNAMIC_NO_PIC = NO;
				GCC_OPTIMIZATION_LEVEL = 0;
				GCC_PREPROCESSOR_DEFINITIONS = (
					"DEBUG=1",
					"$(inherited)",
				);
				GCC_SYMBOLS_PRIVATE_EXTERN = NO;
				GCC_WARN_64_TO_32_BIT_CONVERSION = YES;
				GCC_WARN_ABOUT_RETURN_TYPE = YES_ERROR;
				GCC_WARN_UNDECLARED_SELECTOR = YES;
				GCC_WARN_UNINITIALIZED_AUTOS = YES_AGGRESSIVE;
				GCC_WARN_UNUSED_FUNCTION = YES;
				GCC_WARN_UNUSED_VARIABLE = YES;
				IPHONEOS_DEPLOYMENT_TARGET = 8.1;
				MTL_ENABLE_DEBUG_INFO = YES;
				ONLY_ACTIVE_ARCH = YES;
				PROVISIONING_PROFILE = "c064f5c7-9688-4dc1-b756-a326826cc0f8";
				SDKROOT = iphoneos;
				TARGETED_DEVICE_FAMILY = "1,2";
			};
			name = Debug;
		};
		3C49E6AC1ADB51490008085F /* Release */ = {
			isa = XCBuildConfiguration;
			buildSettings = {
				ALWAYS_SEARCH_USER_PATHS = NO;
				CLANG_CXX_LANGUAGE_STANDARD = "gnu++0x";
				CLANG_CXX_LIBRARY = "libc++";
				CLANG_ENABLE_MODULES = YES;
				CLANG_ENABLE_OBJC_ARC = YES;
				CLANG_WARN_BOOL_CONVERSION = YES;
				CLANG_WARN_CONSTANT_CONVERSION = YES;
				CLANG_WARN_DIRECT_OBJC_ISA_USAGE = YES_ERROR;
				CLANG_WARN_EMPTY_BODY = YES;
				CLANG_WARN_ENUM_CONVERSION = YES;
				CLANG_WARN_INT_CONVERSION = YES;
				CLANG_WARN_OBJC_ROOT_CLASS = YES_ERROR;
				CLANG_WARN_UNREACHABLE_CODE = YES;
				CLANG_WARN__DUPLICATE_METHOD_MATCH = YES;
				CODE_SIGN_IDENTITY = "";
				"CODE_SIGN_IDENTITY[sdk=iphoneos*]" = "";
				COPY_PHASE_STRIP = YES;
				ENABLE_NS_ASSERTIONS = NO;
				ENABLE_STRICT_OBJC_MSGSEND = YES;
				GCC_C_LANGUAGE_STANDARD = gnu99;
				GCC_WARN_64_TO_32_BIT_CONVERSION = YES;
				GCC_WARN_ABOUT_RETURN_TYPE = YES_ERROR;
				GCC_WARN_UNDECLARED_SELECTOR = YES;
				GCC_WARN_UNINITIALIZED_AUTOS = YES_AGGRESSIVE;
				GCC_WARN_UNUSED_FUNCTION = YES;
				GCC_WARN_UNUSED_VARIABLE = YES;
				IPHONEOS_DEPLOYMENT_TARGET = 8.1;
				MTL_ENABLE_DEBUG_INFO = NO;
				PROVISIONING_PROFILE = "c064f5c7-9688-4dc1-b756-a326826cc0f8";
				SDKROOT = iphoneos;
				TARGETED_DEVICE_FAMILY = "1,2";
				VALIDATE_PRODUCT = YES;
			};
			name = Release;
		};
		3C49E6AE1ADB51490008085F /* Debug */ = {
			isa = XCBuildConfiguration;
			buildSettings = {
				ASSETCATALOG_COMPILER_APPICON_NAME = AppIcon;
				ASSETCATALOG_COMPILER_LAUNCHIMAGE_NAME = LaunchImage;
				GCC_PREFIX_HEADER = "$(SRCROOT)/SNCommunicate/Class/Other/Global.pch";
				INFOPLIST_FILE = SNCommunicate/Info.plist;
				LD_RUNPATH_SEARCH_PATHS = "$(inherited) @executable_path/Frameworks";
				PRODUCT_NAME = "$(TARGET_NAME)";
				PROVISIONING_PROFILE = "d9e0d7cc-efbb-46dc-ac8d-050e3da2c4db";
			};
			name = Debug;
		};
		3C49E6AF1ADB51490008085F /* Release */ = {
			isa = XCBuildConfiguration;
			buildSettings = {
				ASSETCATALOG_COMPILER_APPICON_NAME = AppIcon;
				ASSETCATALOG_COMPILER_LAUNCHIMAGE_NAME = LaunchImage;
				GCC_PREFIX_HEADER = "$(SRCROOT)/SNCommunicate/Class/Other/Global.pch";
				INFOPLIST_FILE = SNCommunicate/Info.plist;
				LD_RUNPATH_SEARCH_PATHS = "$(inherited) @executable_path/Frameworks";
				PRODUCT_NAME = "$(TARGET_NAME)";
				PROVISIONING_PROFILE = "d9e0d7cc-efbb-46dc-ac8d-050e3da2c4db";
			};
			name = Release;
		};
		3C49E6B11ADB51490008085F /* Debug */ = {
			isa = XCBuildConfiguration;
			buildSettings = {
				BUNDLE_LOADER = "$(TEST_HOST)";
				FRAMEWORK_SEARCH_PATHS = (
					"$(SDKROOT)/Developer/Library/Frameworks",
					"$(inherited)",
				);
				GCC_PREPROCESSOR_DEFINITIONS = (
					"DEBUG=1",
					"$(inherited)",
				);
				INFOPLIST_FILE = SNCommunicateTests/Info.plist;
				LD_RUNPATH_SEARCH_PATHS = "$(inherited) @executable_path/Frameworks @loader_path/Frameworks";
				PRODUCT_NAME = "$(TARGET_NAME)";
				PROVISIONING_PROFILE = "c064f5c7-9688-4dc1-b756-a326826cc0f8";
				TEST_HOST = "$(BUILT_PRODUCTS_DIR)/SNCommunicate.app/SNCommunicate";
			};
			name = Debug;
		};
		3C49E6B21ADB51490008085F /* Release */ = {
			isa = XCBuildConfiguration;
			buildSettings = {
				BUNDLE_LOADER = "$(TEST_HOST)";
				FRAMEWORK_SEARCH_PATHS = (
					"$(SDKROOT)/Developer/Library/Frameworks",
					"$(inherited)",
				);
				INFOPLIST_FILE = SNCommunicateTests/Info.plist;
				LD_RUNPATH_SEARCH_PATHS = "$(inherited) @executable_path/Frameworks @loader_path/Frameworks";
				PRODUCT_NAME = "$(TARGET_NAME)";
				PROVISIONING_PROFILE = "c064f5c7-9688-4dc1-b756-a326826cc0f8";
				TEST_HOST = "$(BUILT_PRODUCTS_DIR)/SNCommunicate.app/SNCommunicate";
			};
			name = Release;
		};
/* End XCBuildConfiguration section */

/* Begin XCConfigurationList section */
		3C49E6851ADB51490008085F /* Build configuration list for PBXProject "SNCommunicate" */ = {
			isa = XCConfigurationList;
			buildConfigurations = (
				3C49E6AB1ADB51490008085F /* Debug */,
				3C49E6AC1ADB51490008085F /* Release */,
			);
			defaultConfigurationIsVisible = 0;
			defaultConfigurationName = Release;
		};
		3C49E6AD1ADB51490008085F /* Build configuration list for PBXNativeTarget "SNCommunicate" */ = {
			isa = XCConfigurationList;
			buildConfigurations = (
				3C49E6AE1ADB51490008085F /* Debug */,
				3C49E6AF1ADB51490008085F /* Release */,
			);
			defaultConfigurationIsVisible = 0;
			defaultConfigurationName = Release;
		};
		3C49E6B01ADB51490008085F /* Build configuration list for PBXNativeTarget "SNCommunicateTests" */ = {
			isa = XCConfigurationList;
			buildConfigurations = (
				3C49E6B11ADB51490008085F /* Debug */,
				3C49E6B21ADB51490008085F /* Release */,
			);
			defaultConfigurationIsVisible = 0;
			defaultConfigurationName = Release;
		};
/* End XCConfigurationList section */
	};
	rootObject = 3C49E6821ADB51490008085F /* Project object */;
}
